<?xml version="1.0" encoding="UTF-8" standalone="yes" ?>
<CodeBlocks_project_file>
	<FileVersion major="1" minor="6" />
	<Project>
		<Option title="PXUltimaTest" />
		<Option pch_mode="2" />
		<Option compiler="gcc" />
		<Build>
			<Target title="Windows 32  -  Debug">
				<Option output="../[Export]/x86 Debug - Linux/PXUltima_DEBUG.run" prefix_auto="0" extension_auto="0" />
				<Option object_output="../[Temp]/x86 Debug - Windows/PXUltima/" />
				<Option type="1" />
				<Option compiler="gcc" />
				<Compiler>
					<Add option="-std=c11" />
					<Add option="-g" />
					<Add directory="../PXUltima/Source" />
				</Compiler>
				<Linker>
					<Add library="../__Export__/X64B-Debug - Linux/PXUltima_DEBUG.lib" />
					<Add library="C:/Program Files (x86)/Windows Kits/10/Lib/10.0.19041.0/um/x86/OpenGL32.Lib" />
					<Add library="C:/Program Files (x86)/Windows Kits/10/Lib/10.0.19041.0/um/x86/Gdi32.Lib" />
					<Add library="C:/Program Files (x86)/Windows Kits/10/Lib/10.0.19041.0/um/x86/User32.Lib" />
					<Add library="C:/Program Files (x86)/Windows Kits/10/Lib/10.0.19041.0/um/x86/kernel32.Lib" />
					<Add directory="../__Export__/X64B-Debug - Linux" />
					<Add directory="C:/Program Files (x86)/Windows Kits/10/Lib/10.0.19041.0/um/x86" />
				</Linker>
			</Target>
			<Target title="Windows 32  -  Release">
				<Option output="../[Export]/x86 Release - Windows/PXUltima_RELEASE.run" prefix_auto="0" extension_auto="0" />
				<Option object_output="../[Temp]/x86 Release - Windows/PXUltima/" />
				<Option type="1" />
				<Option compiler="gcc" />
				<Compiler>
					<Add option="-O2" />
					<Add directory="../PXUltima/Source" />
				</Compiler>
				<Linker>
					<Add option="-s" />
				</Linker>
			</Target>
			<Target title="Linux 64 - Debug">
				<Option output="../[Export]/x64 Debug - Linux/PXUltima_DEBUG.run.run" prefix_auto="0" extension_auto="0" />
				<Option object_output="../[Temp]/x64 Debug - Linux/PXUltima/" />
				<Option type="1" />
				<Option compiler="gcc" />
				<Compiler>
					<Add option="-g" />
					<Add directory="../PXUltima/Source" />
				</Compiler>
				<Linker>
					<Add library="../[Export]/x64 Debug - Linux/libPXUltima_DEBUG.lib" />
					<Add library="GL" />
					<Add library="X11" />
					<Add library="pthread" />
					<Add library="libm" />
					<Add library="Xext" />
					<Add library="Xi" />
				</Linker>
			</Target>
			<Target title="Linux 64 - Release">
				<Option output="../[Export]/x64 Release - Linux/PXUltima_RELEASE.run" prefix_auto="0" extension_auto="0" />
				<Option object_output="../[Temp]/x64 Release - Linux/PXUltima/" />
				<Option type="1" />
				<Option compiler="gcc" />
				<Compiler>
					<Add directory="../PXUltima/Source" />
				</Compiler>
			</Target>
		</Build>
		<Compiler>
			<Add option="-Wall" />
		</Compiler>
		<Unit filename="Source/Compiler/TestPXCompiler.c">
			<Option compilerVar="CC" />
		</Unit>
		<Unit filename="Source/Compiler/TestPXCompiler.h" />
		<Unit filename="Source/Compiler/TestYAML.c">
			<Option compilerVar="CC" />
		</Unit>
		<Unit filename="Source/Compiler/TestYAML.h" />
		<Unit filename="Source/Debug/TestDebug.c">
			<Option compilerVar="CC" />
		</Unit>
		<Unit filename="Source/Debug/TestDebug.h" />
		<Unit filename="Source/Graphic/TestFont.c">
			<Option compilerVar="CC" />
		</Unit>
		<Unit filename="Source/Graphic/TestFont.h" />
		<Unit filename="Source/Graphic/TestImage.c">
			<Option compilerVar="CC" />
		</Unit>
		<Unit filename="Source/Graphic/TestImage.h" />
		<Unit filename="Source/Graphic/TestOpenGL.c">
			<Option compilerVar="CC" />
		</Unit>
		<Unit filename="Source/Graphic/TestOpenGL.h" />
		<Unit filename="Source/Graphic/TestWindow.c">
			<Option compilerVar="CC" />
		</Unit>
		<Unit filename="Source/Graphic/TestWindow.h" />
		<Unit filename="Source/Network/TestFTP.c">
			<Option compilerVar="CC" />
		</Unit>
		<Unit filename="Source/Network/TestFTP.h" />
		<Unit filename="Source/Network/TestSBP.c">
			<Option compilerVar="CC" />
		</Unit>
		<Unit filename="Source/Network/TestSBP.h" />
		<Unit filename="Source/Network/TestSocket.c">
			<Option compilerVar="CC" />
		</Unit>
		<Unit filename="Source/Network/TestSocket.h" />
		<Unit filename="Source/Sound/TestSound.c">
			<Option compilerVar="CC" />
		</Unit>
		<Unit filename="Source/Sound/TestSound.h" />
		<Unit filename="Source/TestSystemInfo.c">
			<Option compilerVar="CC" />
		</Unit>
		<Unit filename="Source/TestSystemInfo.h" />
		<Unit filename="Source/main.c">
			<Option compilerVar="CC" />
		</Unit>
		<Extensions>
			<lib_finder disable_auto="1" />
		</Extensions>
	</Project>
</CodeBlocks_project_file>
