<?xml version="1.0" encoding="UTF-8" standalone="yes" ?>
<CodeBlocks_project_file>
	<FileVersion major="1" minor="6" />
	<Project>
		<Option title="PXUltima" />
		<Option pch_mode="2" />
		<Option compiler="gcc" />
		<Build>
			<Target title="Windows 32 Bit - Debug">
				<Option output="../[Export]/x86 Debug - Windows/libPXUltima_DEBUG.a" prefix_auto="0" extension_auto="0" />
				<Option working_dir="" />
				<Option object_output="../[Temp]/x86 Debug - Windows/PXUltima/" />
				<Option type="2" />
				<Option compiler="gcc" />
				<Option createDefFile="1" />
				<Compiler>
					<Add option="-Wall" />
					<Add option="-std=c11" />
					<Add option="-m32" />
					<Add option="-g" />
					<Add option="-D_WINSOCKAPI_" />
					<Add option="-DWIN32_LEAN_AND_MEAN" />
					<Add option="-D_CRT_SECURE_NO_WARNINGS" />
					<Add option="-DWIN32" />
					<Add option="-D_DEBUG" />
					<Add option="-D_CONSOLE" />
					<Add option="-D_MSC_VER 1920" />
					<Add directory="../PXUltima/Source" />
					<Add directory="C:/Program Files (x86)/Windows Kits/10/Include/10.0.19041.0/um" />
					<Add directory="C:/Program Files (x86)/Windows Kits/10/Include/10.0.19041.0/shared" />
				</Compiler>
				<Linker>
					<Add option="-static-libgcc" />
					<Add option="-m32" />
				</Linker>
				<Environment>
					<Variable name="_MSC_VER" value="1537" />
				</Environment>
			</Target>
			<Target title="Windows 32 Bit - Release">
				<Option output="../[Export]/x86 Debug - Windows/PXUltima_RELEASE.lib" prefix_auto="0" extension_auto="0" />
				<Option working_dir="" />
				<Option object_output="../[Temp]/x86 Release - Windows/PXUltima/" />
				<Option type="2" />
				<Option compiler="gcc" />
				<Option createDefFile="1" />
				<Compiler>
					<Add option="-Wall" />
					<Add option="-std=c11" />
					<Add option="-m32" />
					<Add directory="../PXUltima/Source" />
					<Add directory="C:/Program Files (x86)/Windows Kits/10/Include/10.0.19041.0/um" />
					<Add directory="C:/Program Files (x86)/Windows Kits/10/Include/10.0.19041.0/shared" />
				</Compiler>
				<Linker>
					<Add option="-O3" />
					<Add option="-s" />
					<Add option="-static-libgcc" />
					<Add option="-m32" />
				</Linker>
				<Environment>
					<Variable name="_MSC_VER" value="1537" />
				</Environment>
			</Target>
			<Target title="Linux 64 Bit - Debug">
				<Option output="../[Export]/x64 Debug - Linux/libPXUltima_DEBUG.a" prefix_auto="0" extension_auto="0" />
				<Option working_dir="" />
				<Option object_output="../[Temp]/x64 Debug - Linux/PXUltima/" />
				<Option type="2" />
				<Option compiler="gcc" />
				<Option createDefFile="1" />
				<Compiler>
					<Add option="-pg" />
					<Add option="-Og" />
					<Add option="-g" />
					<Add directory="../PXUltima/Source" />
				</Compiler>
				<Linker>
					<Add option="-pg" />
				</Linker>
				<Environment>
					<Variable name="_XOPEN_SOURCE" value="600" />
				</Environment>
			</Target>
			<Target title="Linux 64 Bit - Release">
				<Option output="../[Export]/x64 Release - Linux/libPXUltima_RELEASE.a" prefix_auto="0" extension_auto="0" />
				<Option working_dir="" />
				<Option object_output="../[Temp]/x64 Release - Linux/PXUltima/" />
				<Option type="2" />
				<Option compiler="gcc" />
				<Option createDefFile="1" />
				<Compiler>
					<Add option="-std=c11" />
					<Add option="-m64" />
					<Add directory="../PXUltima/Source" />
				</Compiler>
				<Linker>
					<Add option="-O3" />
					<Add option="-static-libgcc" />
					<Add option="-m64" />
				</Linker>
			</Target>
		</Build>
		<Unit filename="Source/Algorithm/Dijkstra/PXDijkstra.c">
			<Option compilerVar="CC" />
		</Unit>
		<Unit filename="Source/Algorithm/Dijkstra/PXDijkstra.h" />
		<Unit filename="Source/Algorithm/KalmanFilter/PXKalmanFilter.c">
			<Option compilerVar="CC" />
		</Unit>
		<Unit filename="Source/Algorithm/KalmanFilter/PXKalmanFilter.h" />
		<Unit filename="Source/Compiler/PXCompiler.c">
			<Option compilerVar="CC" />
		</Unit>
		<Unit filename="Source/Compiler/PXCompiler.h" />
		<Unit filename="Source/Compiler/PXCompilerSettings.c">
			<Option compilerVar="CC" />
		</Unit>
		<Unit filename="Source/Compiler/PXCompilerSettings.h" />
		<Unit filename="Source/Container/BinaryTree/BinaryTree.c">
			<Option compilerVar="CC" />
		</Unit>
		<Unit filename="Source/Container/BinaryTree/BinaryTree.h" />
		<Unit filename="Source/Container/ClusterValue.h" />
		<Unit filename="Source/Container/Dictionary/PXDictionary.c">
			<Option compilerVar="CC" />
		</Unit>
		<Unit filename="Source/Container/Dictionary/PXDictionary.h" />
		<Unit filename="Source/Container/LinkedList/PXLinkedList.c">
			<Option compilerVar="CC" />
		</Unit>
		<Unit filename="Source/Container/LinkedList/PXLinkedList.h" />
		<Unit filename="Source/Container/List/PXList.c">
			<Option compilerVar="CC" />
		</Unit>
		<Unit filename="Source/Container/List/PXList.h" />
		<Unit filename="Source/Container/QuadTree/QuadTree.c">
			<Option compilerVar="CC" />
		</Unit>
		<Unit filename="Source/Container/QuadTree/QuadTree.h" />
		<Unit filename="Source/Container/Queue/PXQueue.c">
			<Option compilerVar="CC" />
		</Unit>
		<Unit filename="Source/Container/Queue/PXQueue.h" />
		<Unit filename="Source/Container/RingBuffer/PXRingBuffer.c">
			<Option compilerVar="CC" />
		</Unit>
		<Unit filename="Source/Container/RingBuffer/PXRingBuffer.h" />
		<Unit filename="Source/DataBase/DataBase.c">
			<Option compilerVar="CC" />
		</Unit>
		<Unit filename="Source/DataBase/DataBase.h" />
		<Unit filename="Source/Device/Controller.c">
			<Option compilerVar="CC" />
		</Unit>
		<Unit filename="Source/Device/Controller.h" />
		<Unit filename="Source/Device/InputButton.c">
			<Option compilerVar="CC" />
		</Unit>
		<Unit filename="Source/Device/InputButton.h" />
		<Unit filename="Source/Device/KeyBoard.c">
			<Option compilerVar="CC" />
		</Unit>
		<Unit filename="Source/Device/KeyBoard.h" />
		<Unit filename="Source/Device/Mouse.c">
			<Option compilerVar="CC" />
		</Unit>
		<Unit filename="Source/Device/Mouse.h" />
		<Unit filename="Source/Device/VirtualKey.c">
			<Option compilerVar="CC" />
		</Unit>
		<Unit filename="Source/Device/VirtualKey.h" />
		<Unit filename="Source/Event/Event.c">
			<Option compilerVar="CC" />
		</Unit>
		<Unit filename="Source/Event/Event.h" />
		<Unit filename="Source/File/PXDataStream.c">
			<Option compilerVar="CC" />
		</Unit>
		<Unit filename="Source/File/PXDataStream.h" />
		<Unit filename="Source/Graphic/PXCamera.c">
			<Option compilerVar="CC" />
		</Unit>
		<Unit filename="Source/Graphic/PXCamera.h" />
		<Unit filename="Source/Graphic/PXGraphic.c">
			<Option compilerVar="CC" />
		</Unit>
		<Unit filename="Source/Graphic/PXGraphic.h" />
		<Unit filename="Source/Graphic/SoftwareRender/SoftwareRender.c">
			<Option compilerVar="CC" />
		</Unit>
		<Unit filename="Source/Graphic/SoftwareRender/SoftwareRender.h" />
		<Unit filename="Source/Language/PXTranslator.c">
			<Option compilerVar="CC" />
		</Unit>
		<Unit filename="Source/Language/PXTranslator.h" />
		<Unit filename="Source/Log/PXLog.c">
			<Option compilerVar="CC" />
		</Unit>
		<Unit filename="Source/Log/PXLog.h" />
		<Unit filename="Source/Math/PXDiagram.c">
			<Option compilerVar="CC" />
		</Unit>
		<Unit filename="Source/Math/PXDiagram.h" />
		<Unit filename="Source/Math/PXMath.c">
			<Option compilerVar="CC" />
		</Unit>
		<Unit filename="Source/Math/PXMath.h" />
		<Unit filename="Source/Math/PXMatrix.c">
			<Option compilerVar="CC" />
		</Unit>
		<Unit filename="Source/Math/PXMatrix.h" />
		<Unit filename="Source/Math/PXPhysic.c">
			<Option compilerVar="CC" />
		</Unit>
		<Unit filename="Source/Math/PXPhysic.h" />
		<Unit filename="Source/Math/PXVector.c">
			<Option compilerVar="CC" />
		</Unit>
		<Unit filename="Source/Math/PXVector.h" />
		<Unit filename="Source/Media/3DS/A3DS.c">
			<Option compilerVar="CC" />
		</Unit>
		<Unit filename="Source/Media/3DS/A3DS.h" />
		<Unit filename="Source/Media/AAC/AAC.c">
			<Option compilerVar="CC" />
		</Unit>
		<Unit filename="Source/Media/AAC/AAC.h" />
		<Unit filename="Source/Media/ADAM7/ADAM7.c">
			<Option compilerVar="CC" />
		</Unit>
		<Unit filename="Source/Media/ADAM7/ADAM7.h" />
		<Unit filename="Source/Media/ADLER/Adler32.c">
			<Option compilerVar="CC" />
		</Unit>
		<Unit filename="Source/Media/ADLER/Adler32.h" />
		<Unit filename="Source/Media/AVI/AVI.c">
			<Option compilerVar="CC" />
		</Unit>
		<Unit filename="Source/Media/AVI/AVI.h" />
		<Unit filename="Source/Media/BMP/BMP.c">
			<Option compilerVar="CC" />
		</Unit>
		<Unit filename="Source/Media/BMP/BMP.h" />
		<Unit filename="Source/Media/C/PXC.c">
			<Option compilerVar="CC" />
		</Unit>
		<Unit filename="Source/Media/C/PXC.h" />
		<Unit filename="Source/Media/CPP/PXCPP.c">
			<Option compilerVar="CC" />
		</Unit>
		<Unit filename="Source/Media/CPP/PXCPP.h" />
		<Unit filename="Source/Media/CRC32/CRC32.c">
			<Option compilerVar="CC" />
		</Unit>
		<Unit filename="Source/Media/CRC32/CRC32.h" />
		<Unit filename="Source/Media/CS/PXCS.c">
			<Option compilerVar="CC" />
		</Unit>
		<Unit filename="Source/Media/CS/PXCS.h" />
		<Unit filename="Source/Media/CSS/CSS.c">
			<Option compilerVar="CC" />
		</Unit>
		<Unit filename="Source/Media/CSS/CSS.h" />
		<Unit filename="Source/Media/Color.c">
			<Option compilerVar="CC" />
		</Unit>
		<Unit filename="Source/Media/Color.h" />
		<Unit filename="Source/Media/DEFLATE/DEFLATE.c">
			<Option compilerVar="CC" />
		</Unit>
		<Unit filename="Source/Media/DEFLATE/DEFLATE.h" />
		<Unit filename="Source/Media/DLL/DLL.c">
			<Option compilerVar="CC" />
		</Unit>
		<Unit filename="Source/Media/DLL/DLL.h" />
		<Unit filename="Source/Media/ELF/ELF.c">
			<Option compilerVar="CC" />
		</Unit>
		<Unit filename="Source/Media/ELF/ELF.h" />
		<Unit filename="Source/Media/EML/EML.c">
			<Option compilerVar="CC" />
		</Unit>
		<Unit filename="Source/Media/EML/EML.h" />
		<Unit filename="Source/Media/EXE/EXE.c">
			<Option compilerVar="CC" />
		</Unit>
		<Unit filename="Source/Media/EXE/EXE.h" />
		<Unit filename="Source/Media/FBX/FBX.c">
			<Option compilerVar="CC" />
		</Unit>
		<Unit filename="Source/Media/FBX/FBX.h" />
		<Unit filename="Source/Media/FLAC/FLAC.c">
			<Option compilerVar="CC" />
		</Unit>
		<Unit filename="Source/Media/FLAC/FLAC.h" />
		<Unit filename="Source/Media/FMT/FMT.c">
			<Option compilerVar="CC" />
		</Unit>
		<Unit filename="Source/Media/FMT/FMT.h" />
		<Unit filename="Source/Media/FNT/FNT.c">
			<Option compilerVar="CC" />
		</Unit>
		<Unit filename="Source/Media/FNT/FNT.h" />
		<Unit filename="Source/Media/FTP/FTP.c">
			<Option compilerVar="CC" />
		</Unit>
		<Unit filename="Source/Media/FTP/FTP.h" />
		<Unit filename="Source/Media/GIF/GIF.c">
			<Option compilerVar="CC" />
		</Unit>
		<Unit filename="Source/Media/GIF/GIF.h" />
		<Unit filename="Source/Media/HTML/HTML.c">
			<Option compilerVar="CC" />
		</Unit>
		<Unit filename="Source/Media/HTML/HTML.h" />
		<Unit filename="Source/Media/HTTP/HTTP.c">
			<Option compilerVar="CC" />
		</Unit>
		<Unit filename="Source/Media/HTTP/HTTP.h" />
		<Unit filename="Source/Media/HUFFMAN/HuffmanTree.c">
			<Option compilerVar="CC" />
		</Unit>
		<Unit filename="Source/Media/HUFFMAN/HuffmanTree.h" />
		<Unit filename="Source/Media/ID3/ID3.c">
			<Option compilerVar="CC" />
		</Unit>
		<Unit filename="Source/Media/ID3/ID3.h" />
		<Unit filename="Source/Media/INI/INI.c">
			<Option compilerVar="CC" />
		</Unit>
		<Unit filename="Source/Media/INI/INI.h" />
		<Unit filename="Source/Media/ISBN/ISBN.c">
			<Option compilerVar="CC" />
		</Unit>
		<Unit filename="Source/Media/ISBN/ISBN.h" />
		<Unit filename="Source/Media/Image.c">
			<Option compilerVar="CC" />
		</Unit>
		<Unit filename="Source/Media/Image.h" />
		<Unit filename="Source/Media/JPEG/JPEG.c">
			<Option compilerVar="CC" />
		</Unit>
		<Unit filename="Source/Media/JPEG/JPEG.h" />
		<Unit filename="Source/Media/JSON/JSON.c">
			<Option compilerVar="CC" />
		</Unit>
		<Unit filename="Source/Media/JSON/JSON.h" />
		<Unit filename="Source/Media/LAME/LAME.c">
			<Option compilerVar="CC" />
		</Unit>
		<Unit filename="Source/Media/LAME/LAME.h" />
		<Unit filename="Source/Media/LZ77/PXLZ77.c">
			<Option compilerVar="CC" />
		</Unit>
		<Unit filename="Source/Media/LZ77/PXLZ77.h" />
		<Unit filename="Source/Media/M4A/M4A.c">
			<Option compilerVar="CC" />
		</Unit>
		<Unit filename="Source/Media/M4A/M4A.h" />
		<Unit filename="Source/Media/MD5/MD5.c">
			<Option compilerVar="CC" />
		</Unit>
		<Unit filename="Source/Media/MD5/MD5.h" />
		<Unit filename="Source/Media/MID/MID.c">
			<Option compilerVar="CC" />
		</Unit>
		<Unit filename="Source/Media/MID/MID.h" />
		<Unit filename="Source/Media/MP3/MP3.c">
			<Option compilerVar="CC" />
		</Unit>
		<Unit filename="Source/Media/MP3/MP3.h" />
		<Unit filename="Source/Media/MP4/MP4.c">
			<Option compilerVar="CC" />
		</Unit>
		<Unit filename="Source/Media/MP4/MP4.h" />
		<Unit filename="Source/Media/MSI/PXMSI.c">
			<Option compilerVar="CC" />
		</Unit>
		<Unit filename="Source/Media/MSI/PXMSI.h" />
		<Unit filename="Source/Media/MTL/MTL.c">
			<Option compilerVar="CC" />
		</Unit>
		<Unit filename="Source/Media/MTL/MTL.h" />
		<Unit filename="Source/Media/Model.c">
			<Option compilerVar="CC" />
		</Unit>
		<Unit filename="Source/Media/Model.h" />
		<Unit filename="Source/Media/OBJ/OBJ.c">
			<Option compilerVar="CC" />
		</Unit>
		<Unit filename="Source/Media/OBJ/OBJ.h" />
		<Unit filename="Source/Media/OGG/OGG.c">
			<Option compilerVar="CC" />
		</Unit>
		<Unit filename="Source/Media/OGG/OGG.h" />
		<Unit filename="Source/Media/PDF/PXPDF.c">
			<Option compilerVar="CC" />
		</Unit>
		<Unit filename="Source/Media/PDF/PXPDF.h" />
		<Unit filename="Source/Media/PHP/PHP.c">
			<Option compilerVar="CC" />
		</Unit>
		<Unit filename="Source/Media/PHP/PHP.h" />
		<Unit filename="Source/Media/PLY/PLY.c">
			<Option compilerVar="CC" />
		</Unit>
		<Unit filename="Source/Media/PLY/PLY.h" />
		<Unit filename="Source/Media/PNG/PNG.c">
			<Option compilerVar="CC" />
		</Unit>
		<Unit filename="Source/Media/PNG/PNG.h" />
		<Unit filename="Source/Media/PXFont.c">
			<Option compilerVar="CC" />
		</Unit>
		<Unit filename="Source/Media/PXFont.h" />
		<Unit filename="Source/Media/PXSound.c">
			<Option compilerVar="CC" />
		</Unit>
		<Unit filename="Source/Media/PXSound.h" />
		<Unit filename="Source/Media/QOI/QOI.c">
			<Option compilerVar="CC" />
		</Unit>
		<Unit filename="Source/Media/QOI/QOI.h" />
		<Unit filename="Source/Media/RIFF/RIFF.c">
			<Option compilerVar="CC" />
		</Unit>
		<Unit filename="Source/Media/RIFF/RIFF.h" />
		<Unit filename="Source/Media/RSA/RSA.c">
			<Option compilerVar="CC" />
		</Unit>
		<Unit filename="Source/Media/RSA/RSA.h" />
		<Unit filename="Source/Media/SHA/PXSHA.c">
			<Option compilerVar="CC" />
		</Unit>
		<Unit filename="Source/Media/SHA/PXSHA.h" />
		<Unit filename="Source/Media/STEP/STEP.c">
			<Option compilerVar="CC" />
		</Unit>
		<Unit filename="Source/Media/STEP/STEP.h" />
		<Unit filename="Source/Media/STL/STL.c">
			<Option compilerVar="CC" />
		</Unit>
		<Unit filename="Source/Media/STL/STL.h" />
		<Unit filename="Source/Media/SVG/SVG.c">
			<Option compilerVar="CC" />
		</Unit>
		<Unit filename="Source/Media/SVG/SVG.h" />
		<Unit filename="Source/Media/TGA/TGA.c">
			<Option compilerVar="CC" />
		</Unit>
		<Unit filename="Source/Media/TGA/TGA.h" />
		<Unit filename="Source/Media/TIFF/TIFF.c">
			<Option compilerVar="CC" />
		</Unit>
		<Unit filename="Source/Media/TIFF/TIFF.h" />
		<Unit filename="Source/Media/TTF/TTF.c">
			<Option compilerVar="CC" />
		</Unit>
		<Unit filename="Source/Media/TTF/TTF.h" />
		<Unit filename="Source/Media/Type.c">
			<Option compilerVar="CC" />
		</Unit>
		<Unit filename="Source/Media/Type.h" />
		<Unit filename="Source/Media/UUID/UUID.c">
			<Option compilerVar="CC" />
		</Unit>
		<Unit filename="Source/Media/UUID/UUID.h" />
		<Unit filename="Source/Media/VRML/VRML.c">
			<Option compilerVar="CC" />
		</Unit>
		<Unit filename="Source/Media/VRML/VRML.h" />
		<Unit filename="Source/Media/WAV/WAV.c">
			<Option compilerVar="CC" />
		</Unit>
		<Unit filename="Source/Media/WAV/WAV.h" />
		<Unit filename="Source/Media/WEBM/WEBM.c">
			<Option compilerVar="CC" />
		</Unit>
		<Unit filename="Source/Media/WEBM/WEBM.h" />
		<Unit filename="Source/Media/WEBP/WEBP.c">
			<Option compilerVar="CC" />
		</Unit>
		<Unit filename="Source/Media/WEBP/WEBP.h" />
		<Unit filename="Source/Media/WMA/WMA.c">
			<Option compilerVar="CC" />
		</Unit>
		<Unit filename="Source/Media/WMA/WMA.h" />
		<Unit filename="Source/Media/XML/XML.c">
			<Option compilerVar="CC" />
		</Unit>
		<Unit filename="Source/Media/XML/XML.h" />
		<Unit filename="Source/Media/XingInfo/XingInfo.c">
			<Option compilerVar="CC" />
		</Unit>
		<Unit filename="Source/Media/XingInfo/XingInfo.h" />
		<Unit filename="Source/Media/YAML/YAML.c">
			<Option compilerVar="CC" />
		</Unit>
		<Unit filename="Source/Media/YAML/YAML.h" />
		<Unit filename="Source/Media/ZLIB/ZLIB.c">
			<Option compilerVar="CC" />
		</Unit>
		<Unit filename="Source/Media/ZLIB/ZLIB.h" />
		<Unit filename="Source/Network/SBP/PXSBPPackageProcessor.c">
			<Option compilerVar="CC" />
		</Unit>
		<Unit filename="Source/Network/SBP/PXSBPPackageProcessor.h" />
		<Unit filename="Source/Network/SBP/SBPClient.c">
			<Option compilerVar="CC" />
		</Unit>
		<Unit filename="Source/Network/SBP/SBPClient.h" />
		<Unit filename="Source/Network/SBP/SBPDataChunk.c">
			<Option compilerVar="CC" />
		</Unit>
		<Unit filename="Source/Network/SBP/SBPDataChunk.h" />
		<Unit filename="Source/Network/SBP/SBPProtocol.c">
			<Option compilerVar="CC" />
		</Unit>
		<Unit filename="Source/Network/SBP/SBPProtocol.h" />
		<Unit filename="Source/Network/SBP/SBPServer.c">
			<Option compilerVar="CC" />
		</Unit>
		<Unit filename="Source/Network/SBP/SBPServer.h" />
		<Unit filename="Source/Network/Web/PXFTPClient.c">
			<Option compilerVar="CC" />
		</Unit>
		<Unit filename="Source/Network/Web/PXFTPClient.h" />
		<Unit filename="Source/Network/Web/PXWebServer.c">
			<Option compilerVar="CC" />
		</Unit>
		<Unit filename="Source/Network/Web/PXWebServer.h" />
		<Unit filename="Source/OS/Audio/PXAudio.c">
			<Option compilerVar="CC" />
		</Unit>
		<Unit filename="Source/OS/Audio/PXAudio.h" />
		<Unit filename="Source/OS/Bash/PXBash.c">
			<Option compilerVar="CC" />
		</Unit>
		<Unit filename="Source/OS/Bash/PXBash.h" />
		<Unit filename="Source/OS/ClipBoard/PXClipBoard.c">
			<Option compilerVar="CC" />
		</Unit>
		<Unit filename="Source/OS/ClipBoard/PXClipBoard.h" />
		<Unit filename="Source/OS/Debug/PXDebug.c">
			<Option compilerVar="CC" />
		</Unit>
		<Unit filename="Source/OS/Debug/PXDebug.h" />
		<Unit filename="Source/OS/Error/PXActionResult.c">
			<Option compilerVar="CC" />
		</Unit>
		<Unit filename="Source/OS/Error/PXActionResult.h" />
		<Unit filename="Source/OS/File/Endian.c">
			<Option compilerVar="CC" />
		</Unit>
		<Unit filename="Source/OS/File/Endian.h" />
		<Unit filename="Source/OS/File/File.c">
			<Option compilerVar="CC" />
		</Unit>
		<Unit filename="Source/OS/File/File.h" />
		<Unit filename="Source/OS/File/FileOpenDialog.c">
			<Option compilerVar="CC" />
		</Unit>
		<Unit filename="Source/OS/File/FileOpenDialog.h" />
		<Unit filename="Source/OS/Graphic/DirectX/DirectX.c">
			<Option compilerVar="CC" />
		</Unit>
		<Unit filename="Source/OS/Graphic/DirectX/DirectX.h" />
		<Unit filename="Source/OS/Graphic/OpenGL/OpenGL.c">
			<Option compilerVar="CC" />
		</Unit>
		<Unit filename="Source/OS/Graphic/OpenGL/OpenGL.h" />
		<Unit filename="Source/OS/Graphic/Vulcan/Vulcan.c">
			<Option compilerVar="CC" />
		</Unit>
		<Unit filename="Source/OS/Graphic/Vulcan/Vulcan.h" />
		<Unit filename="Source/OS/HardDrive/PXHardDrive.c">
			<Option compilerVar="CC" />
		</Unit>
		<Unit filename="Source/OS/HardDrive/PXHardDrive.h" />
		<Unit filename="Source/OS/Library/PXLibrary.c">
			<Option compilerVar="CC" />
		</Unit>
		<Unit filename="Source/OS/Library/PXLibrary.h" />
		<Unit filename="Source/OS/Memory/PXMemory.c">
			<Option compilerVar="CC" />
		</Unit>
		<Unit filename="Source/OS/Memory/PXMemory.h" />
		<Unit filename="Source/OS/Monitor/PXMonitor.c">
			<Option compilerVar="CC" />
		</Unit>
		<Unit filename="Source/OS/Monitor/PXMonitor.h" />
		<Unit filename="Source/OS/Network/IP.c">
			<Option compilerVar="CC" />
		</Unit>
		<Unit filename="Source/OS/Network/IP.h" />
		<Unit filename="Source/OS/Network/PXClient.c">
			<Option compilerVar="CC" />
		</Unit>
		<Unit filename="Source/OS/Network/PXClient.h" />
		<Unit filename="Source/OS/Network/PXServer.c">
			<Option compilerVar="CC" />
		</Unit>
		<Unit filename="Source/OS/Network/PXServer.h" />
		<Unit filename="Source/OS/Network/PXSocket.c">
			<Option compilerVar="CC" />
		</Unit>
		<Unit filename="Source/OS/Network/PXSocket.h" />
		<Unit filename="Source/OS/Process/PXProcess.c">
			<Option compilerVar="CC" />
		</Unit>
		<Unit filename="Source/OS/Process/PXProcess.h" />
		<Unit filename="Source/OS/Processor/PXProcessor.c">
			<Option compilerVar="CC" />
		</Unit>
		<Unit filename="Source/OS/Processor/PXProcessor.h" />
		<Unit filename="Source/OS/Program/Program.c">
			<Option compilerVar="CC" />
		</Unit>
		<Unit filename="Source/OS/Program/Program.h" />
		<Unit filename="Source/OS/Signal/PXSignal.c">
			<Option compilerVar="CC" />
		</Unit>
		<Unit filename="Source/OS/Signal/PXSignal.h" />
		<Unit filename="Source/OS/System/OSVersion.h" />
		<Unit filename="Source/OS/System/Registry.c">
			<Option compilerVar="CC" />
		</Unit>
		<Unit filename="Source/OS/System/Registry.h" />
		<Unit filename="Source/OS/Thread/Await.c">
			<Option compilerVar="CC" />
		</Unit>
		<Unit filename="Source/OS/Thread/Await.h" />
		<Unit filename="Source/OS/Thread/PXLock.c">
			<Option compilerVar="CC" />
		</Unit>
		<Unit filename="Source/OS/Thread/PXLock.h" />
		<Unit filename="Source/OS/Thread/PXThread.c">
			<Option compilerVar="CC" />
		</Unit>
		<Unit filename="Source/OS/Thread/PXThread.h" />
		<Unit filename="Source/OS/Time/PXStopWatch.c">
			<Option compilerVar="CC" />
		</Unit>
		<Unit filename="Source/OS/Time/PXStopWatch.h" />
		<Unit filename="Source/OS/Time/PXTime.c">
			<Option compilerVar="CC" />
		</Unit>
		<Unit filename="Source/OS/Time/PXTime.h" />
		<Unit filename="Source/OS/UI/PXUI.c">
			<Option compilerVar="CC" />
		</Unit>
		<Unit filename="Source/OS/UI/PXUI.h" />
		<Unit filename="Source/OS/User/PXUser.c">
			<Option compilerVar="CC" />
		</Unit>
		<Unit filename="Source/OS/User/PXUser.h" />
		<Unit filename="Source/OS/Window/PXWindow.c">
			<Option compilerVar="CC" />
		</Unit>
		<Unit filename="Source/OS/Window/PXWindow.h" />
		<Unit filename="Source/Serialization/Serialization.c">
			<Option compilerVar="CC" />
		</Unit>
		<Unit filename="Source/Serialization/Serialization.h" />
		<Unit filename="Source/Text/PXText.c">
			<Option compilerVar="CC" />
		</Unit>
		<Unit filename="Source/Text/PXText.h" />
		<Unit filename="Source/UI/UI.c">
			<Option compilerVar="CC" />
		</Unit>
		<Unit filename="Source/UI/UI.h" />
		<Extensions />
	</Project>
</CodeBlocks_project_file>
