
Microsoft Visual Studio Solution File, Format Version 12.00
# Visual Studio Version 17
VisualStudioVersion = 17.6.33723.286
MinimumVisualStudioVersion = 10.0.40219.1
Project("{8BC9CEB8-8B4A-11D0-8D11-00A0C91BC942}") = "PXUltimaCPPUWP", "PXUltimaCPPUWP\PXUltimaCPPUWP.vcxproj", "{F9EAD2CA-ED0F-40AD-9B7A-370F5A935CFA}"
EndProject
Project("{8BC9CEB8-8B4A-11D0-8D11-00A0C91BC942}") = "PXUltimaCPP", "PXUltimaCPP\PXUltimaCPP.vcxproj", "{D506A66A-2046-4567-86D6-CE24D7F75E60}"
EndProject
Project("{8BC9CEB8-8B4A-11D0-8D11-00A0C91BC942}") = "PXUltimaC", "PXUltimaC\PXUltimaC.vcxproj", "{7C1A58AA-DD3C-4B5D-9FEC-43657F95E234}"
EndProject
Project("{9A19103F-16F7-4668-BE54-9A1E7A4F7556}") = "PXUltimaCSTest", "PXUltimaCSTest\PXUltimaCSTest.csproj", "{C220B3E6-C252-4266-96F5-25961D75E869}"
EndProject
Project("{8BC9CEB8-8B4A-11D0-8D11-00A0C91BC942}") = "PXUltimaCPPTest", "PXUltimaCPPTest\PXUltimaCPPTest.vcxproj", "{5D190F01-B053-4C69-9D48-01423FAA3699}"
EndProject
Project("{8BC9CEB8-8B4A-11D0-8D11-00A0C91BC942}") = "PXUltimaCTest", "PXUltimaCTest\PXUltimaCTest.vcxproj", "{125E03C1-E989-4469-9CF8-E13FF99C5F97}"
EndProject
Project("{2150E333-8FDC-42A3-9474-1A3956D46DE8}") = "C", "C", "{AF3E1400-9DD7-4400-9507-89928420CB1A}"
EndProject
Project("{2150E333-8FDC-42A3-9474-1A3956D46DE8}") = "CPP", "CPP", "{B039D205-0874-4386-B437-1D4A452EBE1D}"
EndProject
Project("{2150E333-8FDC-42A3-9474-1A3956D46DE8}") = "CS", "CS", "{0539C154-EE8A-4A6E-8580-5ED4CE7DDA62}"
EndProject
Project("{2150E333-8FDC-42A3-9474-1A3956D46DE8}") = "UWP", "UWP", "{ABA0B3AC-820E-47FD-B20A-A997315ED3B9}"
EndProject
Project("{2150E333-8FDC-42A3-9474-1A3956D46DE8}") = "CLI", "CLI", "{C370C156-71B2-4F6D-9091-602CA6D1BE74}"
EndProject
Project("{8BC9CEB8-8B4A-11D0-8D11-00A0C91BC942}") = "PXUltimaCLI", "PXUltimaCLI\PXUltimaCLI.vcxproj", "{F61ACF40-C26F-4FA9-9466-3B3C48ECFB37}"
EndProject
Project("{2150E333-8FDC-42A3-9474-1A3956D46DE8}") = "Linux", "Linux", "{B6392670-0EEC-48F1-A4D8-D24D84E4A3DB}"
EndProject
Project("{8BC9CEB8-8B4A-11D0-8D11-00A0C91BC942}") = "PXUltimaCLinux", "PXUltimaCLinux\PXUltimaCLinux.vcxproj", "{8ACBDD82-CA82-4C40-BC22-A1C484282400}"
EndProject
Project("{9A19103F-16F7-4668-BE54-9A1E7A4F7556}") = "PXUltimaCSTestForms", "PXUltimaCSTestForms\PXUltimaCSTestForms.csproj", "{122FDBA0-592C-4344-AFF0-6C7366E4F4FA}"
EndProject
Project("{9A19103F-16F7-4668-BE54-9A1E7A4F7556}") = "PXUltimaCS", "PXUltimaCS\PXUltimaCS.csproj", "{2B7A8D60-2B1A-4EDA-BBCB-84A0EAD111BD}"
EndProject
Project("{8BC9CEB8-8B4A-11D0-8D11-00A0C91BC942}") = "PCUltimaCLinuxTest", "PCUltimaCLinuxTest\PCUltimaCLinuxTest.vcxproj", "{D3241AA1-5B03-4957-B596-91D61AF6C7F8}"
EndProject
Global
	GlobalSection(SolutionConfigurationPlatforms) = preSolution
		Debug|Any CPU = Debug|Any CPU
		Debug|ARM = Debug|ARM
		Debug|ARM64 = Debug|ARM64
		Debug|x64 = Debug|x64
		Debug|x86 = Debug|x86
		Release|Any CPU = Release|Any CPU
		Release|ARM = Release|ARM
		Release|ARM64 = Release|ARM64
		Release|x64 = Release|x64
		Release|x86 = Release|x86
	EndGlobalSection
	GlobalSection(ProjectConfigurationPlatforms) = postSolution
		{F9EAD2CA-ED0F-40AD-9B7A-370F5A935CFA}.Debug|Any CPU.ActiveCfg = Debug|x64
		{F9EAD2CA-ED0F-40AD-9B7A-370F5A935CFA}.Debug|Any CPU.Build.0 = Debug|x64
		{F9EAD2CA-ED0F-40AD-9B7A-370F5A935CFA}.Debug|ARM.ActiveCfg = Debug|ARM
		{F9EAD2CA-ED0F-40AD-9B7A-370F5A935CFA}.Debug|ARM.Build.0 = Debug|ARM
		{F9EAD2CA-ED0F-40AD-9B7A-370F5A935CFA}.Debug|ARM64.ActiveCfg = Debug|ARM64
		{F9EAD2CA-ED0F-40AD-9B7A-370F5A935CFA}.Debug|ARM64.Build.0 = Debug|ARM64
		{F9EAD2CA-ED0F-40AD-9B7A-370F5A935CFA}.Debug|x64.ActiveCfg = Debug|x64
		{F9EAD2CA-ED0F-40AD-9B7A-370F5A935CFA}.Debug|x64.Build.0 = Debug|x64
		{F9EAD2CA-ED0F-40AD-9B7A-370F5A935CFA}.Debug|x86.ActiveCfg = Debug|Win32
		{F9EAD2CA-ED0F-40AD-9B7A-370F5A935CFA}.Debug|x86.Build.0 = Debug|Win32
		{F9EAD2CA-ED0F-40AD-9B7A-370F5A935CFA}.Release|Any CPU.ActiveCfg = Release|x64
		{F9EAD2CA-ED0F-40AD-9B7A-370F5A935CFA}.Release|Any CPU.Build.0 = Release|x64
		{F9EAD2CA-ED0F-40AD-9B7A-370F5A935CFA}.Release|ARM.ActiveCfg = Release|ARM
		{F9EAD2CA-ED0F-40AD-9B7A-370F5A935CFA}.Release|ARM.Build.0 = Release|ARM
		{F9EAD2CA-ED0F-40AD-9B7A-370F5A935CFA}.Release|ARM64.ActiveCfg = Release|ARM64
		{F9EAD2CA-ED0F-40AD-9B7A-370F5A935CFA}.Release|ARM64.Build.0 = Release|ARM64
		{F9EAD2CA-ED0F-40AD-9B7A-370F5A935CFA}.Release|x64.ActiveCfg = Release|x64
		{F9EAD2CA-ED0F-40AD-9B7A-370F5A935CFA}.Release|x64.Build.0 = Release|x64
		{F9EAD2CA-ED0F-40AD-9B7A-370F5A935CFA}.Release|x86.ActiveCfg = Release|Win32
		{F9EAD2CA-ED0F-40AD-9B7A-370F5A935CFA}.Release|x86.Build.0 = Release|Win32
		{D506A66A-2046-4567-86D6-CE24D7F75E60}.Debug|Any CPU.ActiveCfg = Debug|x64
		{D506A66A-2046-4567-86D6-CE24D7F75E60}.Debug|Any CPU.Build.0 = Debug|x64
		{D506A66A-2046-4567-86D6-CE24D7F75E60}.Debug|ARM.ActiveCfg = Debug|x64
		{D506A66A-2046-4567-86D6-CE24D7F75E60}.Debug|ARM.Build.0 = Debug|x64
		{D506A66A-2046-4567-86D6-CE24D7F75E60}.Debug|ARM64.ActiveCfg = Debug|x64
		{D506A66A-2046-4567-86D6-CE24D7F75E60}.Debug|ARM64.Build.0 = Debug|x64
		{D506A66A-2046-4567-86D6-CE24D7F75E60}.Debug|x64.ActiveCfg = Debug|x64
		{D506A66A-2046-4567-86D6-CE24D7F75E60}.Debug|x64.Build.0 = Debug|x64
		{D506A66A-2046-4567-86D6-CE24D7F75E60}.Debug|x86.ActiveCfg = Debug|Win32
		{D506A66A-2046-4567-86D6-CE24D7F75E60}.Debug|x86.Build.0 = Debug|Win32
		{D506A66A-2046-4567-86D6-CE24D7F75E60}.Release|Any CPU.ActiveCfg = Release|x64
		{D506A66A-2046-4567-86D6-CE24D7F75E60}.Release|Any CPU.Build.0 = Release|x64
		{D506A66A-2046-4567-86D6-CE24D7F75E60}.Release|ARM.ActiveCfg = Release|x64
		{D506A66A-2046-4567-86D6-CE24D7F75E60}.Release|ARM.Build.0 = Release|x64
		{D506A66A-2046-4567-86D6-CE24D7F75E60}.Release|ARM64.ActiveCfg = Release|x64
		{D506A66A-2046-4567-86D6-CE24D7F75E60}.Release|ARM64.Build.0 = Release|x64
		{D506A66A-2046-4567-86D6-CE24D7F75E60}.Release|x64.ActiveCfg = Release|x64
		{D506A66A-2046-4567-86D6-CE24D7F75E60}.Release|x64.Build.0 = Release|x64
		{D506A66A-2046-4567-86D6-CE24D7F75E60}.Release|x86.ActiveCfg = Release|Win32
		{D506A66A-2046-4567-86D6-CE24D7F75E60}.Release|x86.Build.0 = Release|Win32
		{7C1A58AA-DD3C-4B5D-9FEC-43657F95E234}.Debug|Any CPU.ActiveCfg = Debug|x64
		{7C1A58AA-DD3C-4B5D-9FEC-43657F95E234}.Debug|Any CPU.Build.0 = Debug|x64
		{7C1A58AA-DD3C-4B5D-9FEC-43657F95E234}.Debug|ARM.ActiveCfg = Debug|x64
		{7C1A58AA-DD3C-4B5D-9FEC-43657F95E234}.Debug|ARM.Build.0 = Debug|x64
		{7C1A58AA-DD3C-4B5D-9FEC-43657F95E234}.Debug|ARM64.ActiveCfg = Debug|x64
		{7C1A58AA-DD3C-4B5D-9FEC-43657F95E234}.Debug|ARM64.Build.0 = Debug|x64
		{7C1A58AA-DD3C-4B5D-9FEC-43657F95E234}.Debug|x64.ActiveCfg = Debug|x64
		{7C1A58AA-DD3C-4B5D-9FEC-43657F95E234}.Debug|x64.Build.0 = Debug|x64
		{7C1A58AA-DD3C-4B5D-9FEC-43657F95E234}.Debug|x86.ActiveCfg = Debug|Win32
		{7C1A58AA-DD3C-4B5D-9FEC-43657F95E234}.Debug|x86.Build.0 = Debug|Win32
		{7C1A58AA-DD3C-4B5D-9FEC-43657F95E234}.Release|Any CPU.ActiveCfg = Release|x64
		{7C1A58AA-DD3C-4B5D-9FEC-43657F95E234}.Release|Any CPU.Build.0 = Release|x64
		{7C1A58AA-DD3C-4B5D-9FEC-43657F95E234}.Release|ARM.ActiveCfg = Release|x64
		{7C1A58AA-DD3C-4B5D-9FEC-43657F95E234}.Release|ARM.Build.0 = Release|x64
		{7C1A58AA-DD3C-4B5D-9FEC-43657F95E234}.Release|ARM64.ActiveCfg = Release|x64
		{7C1A58AA-DD3C-4B5D-9FEC-43657F95E234}.Release|ARM64.Build.0 = Release|x64
		{7C1A58AA-DD3C-4B5D-9FEC-43657F95E234}.Release|x64.ActiveCfg = Release|x64
		{7C1A58AA-DD3C-4B5D-9FEC-43657F95E234}.Release|x64.Build.0 = Release|x64
		{7C1A58AA-DD3C-4B5D-9FEC-43657F95E234}.Release|x86.ActiveCfg = Release|Win32
		{7C1A58AA-DD3C-4B5D-9FEC-43657F95E234}.Release|x86.Build.0 = Release|Win32
		{C220B3E6-C252-4266-96F5-25961D75E869}.Debug|Any CPU.ActiveCfg = Debug|Any CPU
		{C220B3E6-C252-4266-96F5-25961D75E869}.Debug|Any CPU.Build.0 = Debug|Any CPU
		{C220B3E6-C252-4266-96F5-25961D75E869}.Debug|ARM.ActiveCfg = Debug|Any CPU
		{C220B3E6-C252-4266-96F5-25961D75E869}.Debug|ARM.Build.0 = Debug|Any CPU
		{C220B3E6-C252-4266-96F5-25961D75E869}.Debug|ARM64.ActiveCfg = Debug|Any CPU
		{C220B3E6-C252-4266-96F5-25961D75E869}.Debug|ARM64.Build.0 = Debug|Any CPU
		{C220B3E6-C252-4266-96F5-25961D75E869}.Debug|x64.ActiveCfg = Debug|Any CPU
		{C220B3E6-C252-4266-96F5-25961D75E869}.Debug|x64.Build.0 = Debug|Any CPU
		{C220B3E6-C252-4266-96F5-25961D75E869}.Debug|x86.ActiveCfg = Debug|Any CPU
		{C220B3E6-C252-4266-96F5-25961D75E869}.Debug|x86.Build.0 = Debug|Any CPU
		{C220B3E6-C252-4266-96F5-25961D75E869}.Release|Any CPU.ActiveCfg = Release|Any CPU
		{C220B3E6-C252-4266-96F5-25961D75E869}.Release|Any CPU.Build.0 = Release|Any CPU
		{C220B3E6-C252-4266-96F5-25961D75E869}.Release|ARM.ActiveCfg = Release|Any CPU
		{C220B3E6-C252-4266-96F5-25961D75E869}.Release|ARM.Build.0 = Release|Any CPU
		{C220B3E6-C252-4266-96F5-25961D75E869}.Release|ARM64.ActiveCfg = Release|Any CPU
		{C220B3E6-C252-4266-96F5-25961D75E869}.Release|ARM64.Build.0 = Release|Any CPU
		{C220B3E6-C252-4266-96F5-25961D75E869}.Release|x64.ActiveCfg = Release|Any CPU
		{C220B3E6-C252-4266-96F5-25961D75E869}.Release|x64.Build.0 = Release|Any CPU
		{C220B3E6-C252-4266-96F5-25961D75E869}.Release|x86.ActiveCfg = Release|Any CPU
		{C220B3E6-C252-4266-96F5-25961D75E869}.Release|x86.Build.0 = Release|Any CPU
		{5D190F01-B053-4C69-9D48-01423FAA3699}.Debug|Any CPU.ActiveCfg = Debug|x64
		{5D190F01-B053-4C69-9D48-01423FAA3699}.Debug|Any CPU.Build.0 = Debug|x64
		{5D190F01-B053-4C69-9D48-01423FAA3699}.Debug|ARM.ActiveCfg = Debug|x64
		{5D190F01-B053-4C69-9D48-01423FAA3699}.Debug|ARM.Build.0 = Debug|x64
		{5D190F01-B053-4C69-9D48-01423FAA3699}.Debug|ARM64.ActiveCfg = Debug|x64
		{5D190F01-B053-4C69-9D48-01423FAA3699}.Debug|ARM64.Build.0 = Debug|x64
		{5D190F01-B053-4C69-9D48-01423FAA3699}.Debug|x64.ActiveCfg = Debug|x64
		{5D190F01-B053-4C69-9D48-01423FAA3699}.Debug|x64.Build.0 = Debug|x64
		{5D190F01-B053-4C69-9D48-01423FAA3699}.Debug|x86.ActiveCfg = Debug|Win32
		{5D190F01-B053-4C69-9D48-01423FAA3699}.Debug|x86.Build.0 = Debug|Win32
		{5D190F01-B053-4C69-9D48-01423FAA3699}.Release|Any CPU.ActiveCfg = Release|x64
		{5D190F01-B053-4C69-9D48-01423FAA3699}.Release|Any CPU.Build.0 = Release|x64
		{5D190F01-B053-4C69-9D48-01423FAA3699}.Release|ARM.ActiveCfg = Release|x64
		{5D190F01-B053-4C69-9D48-01423FAA3699}.Release|ARM.Build.0 = Release|x64
		{5D190F01-B053-4C69-9D48-01423FAA3699}.Release|ARM64.ActiveCfg = Release|x64
		{5D190F01-B053-4C69-9D48-01423FAA3699}.Release|ARM64.Build.0 = Release|x64
		{5D190F01-B053-4C69-9D48-01423FAA3699}.Release|x64.ActiveCfg = Release|x64
		{5D190F01-B053-4C69-9D48-01423FAA3699}.Release|x64.Build.0 = Release|x64
		{5D190F01-B053-4C69-9D48-01423FAA3699}.Release|x86.ActiveCfg = Release|Win32
		{5D190F01-B053-4C69-9D48-01423FAA3699}.Release|x86.Build.0 = Release|Win32
		{125E03C1-E989-4469-9CF8-E13FF99C5F97}.Debug|Any CPU.ActiveCfg = Debug|x64
		{125E03C1-E989-4469-9CF8-E13FF99C5F97}.Debug|Any CPU.Build.0 = Debug|x64
		{125E03C1-E989-4469-9CF8-E13FF99C5F97}.Debug|ARM.ActiveCfg = Debug|x64
		{125E03C1-E989-4469-9CF8-E13FF99C5F97}.Debug|ARM.Build.0 = Debug|x64
		{125E03C1-E989-4469-9CF8-E13FF99C5F97}.Debug|ARM64.ActiveCfg = Debug|x64
		{125E03C1-E989-4469-9CF8-E13FF99C5F97}.Debug|ARM64.Build.0 = Debug|x64
		{125E03C1-E989-4469-9CF8-E13FF99C5F97}.Debug|x64.ActiveCfg = Debug|x64
		{125E03C1-E989-4469-9CF8-E13FF99C5F97}.Debug|x64.Build.0 = Debug|x64
		{125E03C1-E989-4469-9CF8-E13FF99C5F97}.Debug|x86.ActiveCfg = Debug|Win32
		{125E03C1-E989-4469-9CF8-E13FF99C5F97}.Debug|x86.Build.0 = Debug|Win32
		{125E03C1-E989-4469-9CF8-E13FF99C5F97}.Release|Any CPU.ActiveCfg = Release|x64
		{125E03C1-E989-4469-9CF8-E13FF99C5F97}.Release|Any CPU.Build.0 = Release|x64
		{125E03C1-E989-4469-9CF8-E13FF99C5F97}.Release|ARM.ActiveCfg = Release|x64
		{125E03C1-E989-4469-9CF8-E13FF99C5F97}.Release|ARM.Build.0 = Release|x64
		{125E03C1-E989-4469-9CF8-E13FF99C5F97}.Release|ARM64.ActiveCfg = Release|x64
		{125E03C1-E989-4469-9CF8-E13FF99C5F97}.Release|ARM64.Build.0 = Release|x64
		{125E03C1-E989-4469-9CF8-E13FF99C5F97}.Release|x64.ActiveCfg = Release|x64
		{125E03C1-E989-4469-9CF8-E13FF99C5F97}.Release|x64.Build.0 = Release|x64
		{125E03C1-E989-4469-9CF8-E13FF99C5F97}.Release|x86.ActiveCfg = Release|Win32
		{125E03C1-E989-4469-9CF8-E13FF99C5F97}.Release|x86.Build.0 = Release|Win32
		{F61ACF40-C26F-4FA9-9466-3B3C48ECFB37}.Debug|Any CPU.ActiveCfg = Debug|x64
		{F61ACF40-C26F-4FA9-9466-3B3C48ECFB37}.Debug|Any CPU.Build.0 = Debug|x64
		{F61ACF40-C26F-4FA9-9466-3B3C48ECFB37}.Debug|ARM.ActiveCfg = Debug|x64
		{F61ACF40-C26F-4FA9-9466-3B3C48ECFB37}.Debug|ARM.Build.0 = Debug|x64
		{F61ACF40-C26F-4FA9-9466-3B3C48ECFB37}.Debug|ARM64.ActiveCfg = Debug|x64
		{F61ACF40-C26F-4FA9-9466-3B3C48ECFB37}.Debug|ARM64.Build.0 = Debug|x64
		{F61ACF40-C26F-4FA9-9466-3B3C48ECFB37}.Debug|x64.ActiveCfg = Debug|x64
		{F61ACF40-C26F-4FA9-9466-3B3C48ECFB37}.Debug|x64.Build.0 = Debug|x64
		{F61ACF40-C26F-4FA9-9466-3B3C48ECFB37}.Debug|x86.ActiveCfg = Debug|Win32
		{F61ACF40-C26F-4FA9-9466-3B3C48ECFB37}.Debug|x86.Build.0 = Debug|Win32
		{F61ACF40-C26F-4FA9-9466-3B3C48ECFB37}.Release|Any CPU.ActiveCfg = Release|x64
		{F61ACF40-C26F-4FA9-9466-3B3C48ECFB37}.Release|Any CPU.Build.0 = Release|x64
		{F61ACF40-C26F-4FA9-9466-3B3C48ECFB37}.Release|ARM.ActiveCfg = Release|x64
		{F61ACF40-C26F-4FA9-9466-3B3C48ECFB37}.Release|ARM.Build.0 = Release|x64
		{F61ACF40-C26F-4FA9-9466-3B3C48ECFB37}.Release|ARM64.ActiveCfg = Release|x64
		{F61ACF40-C26F-4FA9-9466-3B3C48ECFB37}.Release|ARM64.Build.0 = Release|x64
		{F61ACF40-C26F-4FA9-9466-3B3C48ECFB37}.Release|x64.ActiveCfg = Release|x64
		{F61ACF40-C26F-4FA9-9466-3B3C48ECFB37}.Release|x64.Build.0 = Release|x64
		{F61ACF40-C26F-4FA9-9466-3B3C48ECFB37}.Release|x86.ActiveCfg = Release|Win32
		{F61ACF40-C26F-4FA9-9466-3B3C48ECFB37}.Release|x86.Build.0 = Release|Win32
		{8ACBDD82-CA82-4C40-BC22-A1C484282400}.Debug|Any CPU.ActiveCfg = Debug|x64
		{8ACBDD82-CA82-4C40-BC22-A1C484282400}.Debug|Any CPU.Build.0 = Debug|x64
		{8ACBDD82-CA82-4C40-BC22-A1C484282400}.Debug|Any CPU.Deploy.0 = Debug|x64
		{8ACBDD82-CA82-4C40-BC22-A1C484282400}.Debug|ARM.ActiveCfg = Debug|ARM
		{8ACBDD82-CA82-4C40-BC22-A1C484282400}.Debug|ARM.Build.0 = Debug|ARM
		{8ACBDD82-CA82-4C40-BC22-A1C484282400}.Debug|ARM.Deploy.0 = Debug|ARM
		{8ACBDD82-CA82-4C40-BC22-A1C484282400}.Debug|ARM64.ActiveCfg = Debug|ARM64
		{8ACBDD82-CA82-4C40-BC22-A1C484282400}.Debug|ARM64.Build.0 = Debug|ARM64
		{8ACBDD82-CA82-4C40-BC22-A1C484282400}.Debug|ARM64.Deploy.0 = Debug|ARM64
		{8ACBDD82-CA82-4C40-BC22-A1C484282400}.Debug|x64.ActiveCfg = Debug|x64
		{8ACBDD82-CA82-4C40-BC22-A1C484282400}.Debug|x64.Build.0 = Debug|x64
		{8ACBDD82-CA82-4C40-BC22-A1C484282400}.Debug|x64.Deploy.0 = Debug|x64
		{8ACBDD82-CA82-4C40-BC22-A1C484282400}.Debug|x86.ActiveCfg = Debug|x86
		{8ACBDD82-CA82-4C40-BC22-A1C484282400}.Debug|x86.Build.0 = Debug|x86
		{8ACBDD82-CA82-4C40-BC22-A1C484282400}.Debug|x86.Deploy.0 = Debug|x86
		{8ACBDD82-CA82-4C40-BC22-A1C484282400}.Release|Any CPU.ActiveCfg = Release|x64
		{8ACBDD82-CA82-4C40-BC22-A1C484282400}.Release|Any CPU.Build.0 = Release|x64
		{8ACBDD82-CA82-4C40-BC22-A1C484282400}.Release|Any CPU.Deploy.0 = Release|x64
		{8ACBDD82-CA82-4C40-BC22-A1C484282400}.Release|ARM.ActiveCfg = Release|ARM
		{8ACBDD82-CA82-4C40-BC22-A1C484282400}.Release|ARM.Build.0 = Release|ARM
		{8ACBDD82-CA82-4C40-BC22-A1C484282400}.Release|ARM.Deploy.0 = Release|ARM
		{8ACBDD82-CA82-4C40-BC22-A1C484282400}.Release|ARM64.ActiveCfg = Release|ARM64
		{8ACBDD82-CA82-4C40-BC22-A1C484282400}.Release|ARM64.Build.0 = Release|ARM64
		{8ACBDD82-CA82-4C40-BC22-A1C484282400}.Release|ARM64.Deploy.0 = Release|ARM64
		{8ACBDD82-CA82-4C40-BC22-A1C484282400}.Release|x64.ActiveCfg = Release|x64
		{8ACBDD82-CA82-4C40-BC22-A1C484282400}.Release|x64.Build.0 = Release|x64
		{8ACBDD82-CA82-4C40-BC22-A1C484282400}.Release|x64.Deploy.0 = Release|x64
		{8ACBDD82-CA82-4C40-BC22-A1C484282400}.Release|x86.ActiveCfg = Release|x86
		{8ACBDD82-CA82-4C40-BC22-A1C484282400}.Release|x86.Build.0 = Release|x86
		{8ACBDD82-CA82-4C40-BC22-A1C484282400}.Release|x86.Deploy.0 = Release|x86
		{122FDBA0-592C-4344-AFF0-6C7366E4F4FA}.Debug|Any CPU.ActiveCfg = Debug|Any CPU
		{122FDBA0-592C-4344-AFF0-6C7366E4F4FA}.Debug|Any CPU.Build.0 = Debug|Any CPU
		{122FDBA0-592C-4344-AFF0-6C7366E4F4FA}.Debug|ARM.ActiveCfg = Debug|Any CPU
		{122FDBA0-592C-4344-AFF0-6C7366E4F4FA}.Debug|ARM.Build.0 = Debug|Any CPU
		{122FDBA0-592C-4344-AFF0-6C7366E4F4FA}.Debug|ARM64.ActiveCfg = Debug|Any CPU
		{122FDBA0-592C-4344-AFF0-6C7366E4F4FA}.Debug|ARM64.Build.0 = Debug|Any CPU
		{122FDBA0-592C-4344-AFF0-6C7366E4F4FA}.Debug|x64.ActiveCfg = Debug|Any CPU
		{122FDBA0-592C-4344-AFF0-6C7366E4F4FA}.Debug|x64.Build.0 = Debug|Any CPU
		{122FDBA0-592C-4344-AFF0-6C7366E4F4FA}.Debug|x86.ActiveCfg = Debug|Any CPU
		{122FDBA0-592C-4344-AFF0-6C7366E4F4FA}.Debug|x86.Build.0 = Debug|Any CPU
		{122FDBA0-592C-4344-AFF0-6C7366E4F4FA}.Release|Any CPU.ActiveCfg = Release|Any CPU
		{122FDBA0-592C-4344-AFF0-6C7366E4F4FA}.Release|Any CPU.Build.0 = Release|Any CPU
		{122FDBA0-592C-4344-AFF0-6C7366E4F4FA}.Release|ARM.ActiveCfg = Release|Any CPU
		{122FDBA0-592C-4344-AFF0-6C7366E4F4FA}.Release|ARM.Build.0 = Release|Any CPU
		{122FDBA0-592C-4344-AFF0-6C7366E4F4FA}.Release|ARM64.ActiveCfg = Release|Any CPU
		{122FDBA0-592C-4344-AFF0-6C7366E4F4FA}.Release|ARM64.Build.0 = Release|Any CPU
		{122FDBA0-592C-4344-AFF0-6C7366E4F4FA}.Release|x64.ActiveCfg = Release|Any CPU
		{122FDBA0-592C-4344-AFF0-6C7366E4F4FA}.Release|x64.Build.0 = Release|Any CPU
		{122FDBA0-592C-4344-AFF0-6C7366E4F4FA}.Release|x86.ActiveCfg = Release|Any CPU
		{122FDBA0-592C-4344-AFF0-6C7366E4F4FA}.Release|x86.Build.0 = Release|Any CPU
		{2B7A8D60-2B1A-4EDA-BBCB-84A0EAD111BD}.Debug|Any CPU.ActiveCfg = Debug|Any CPU
		{2B7A8D60-2B1A-4EDA-BBCB-84A0EAD111BD}.Debug|Any CPU.Build.0 = Debug|Any CPU
		{2B7A8D60-2B1A-4EDA-BBCB-84A0EAD111BD}.Debug|ARM.ActiveCfg = Debug|Any CPU
		{2B7A8D60-2B1A-4EDA-BBCB-84A0EAD111BD}.Debug|ARM.Build.0 = Debug|Any CPU
		{2B7A8D60-2B1A-4EDA-BBCB-84A0EAD111BD}.Debug|ARM64.ActiveCfg = Debug|Any CPU
		{2B7A8D60-2B1A-4EDA-BBCB-84A0EAD111BD}.Debug|ARM64.Build.0 = Debug|Any CPU
		{2B7A8D60-2B1A-4EDA-BBCB-84A0EAD111BD}.Debug|x64.ActiveCfg = Debug|Any CPU
		{2B7A8D60-2B1A-4EDA-BBCB-84A0EAD111BD}.Debug|x64.Build.0 = Debug|Any CPU
		{2B7A8D60-2B1A-4EDA-BBCB-84A0EAD111BD}.Debug|x86.ActiveCfg = Debug|Any CPU
		{2B7A8D60-2B1A-4EDA-BBCB-84A0EAD111BD}.Debug|x86.Build.0 = Debug|Any CPU
		{2B7A8D60-2B1A-4EDA-BBCB-84A0EAD111BD}.Release|Any CPU.ActiveCfg = Release|Any CPU
		{2B7A8D60-2B1A-4EDA-BBCB-84A0EAD111BD}.Release|Any CPU.Build.0 = Release|Any CPU
		{2B7A8D60-2B1A-4EDA-BBCB-84A0EAD111BD}.Release|ARM.ActiveCfg = Release|Any CPU
		{2B7A8D60-2B1A-4EDA-BBCB-84A0EAD111BD}.Release|ARM.Build.0 = Release|Any CPU
		{2B7A8D60-2B1A-4EDA-BBCB-84A0EAD111BD}.Release|ARM64.ActiveCfg = Release|Any CPU
		{2B7A8D60-2B1A-4EDA-BBCB-84A0EAD111BD}.Release|ARM64.Build.0 = Release|Any CPU
		{2B7A8D60-2B1A-4EDA-BBCB-84A0EAD111BD}.Release|x64.ActiveCfg = Release|Any CPU
		{2B7A8D60-2B1A-4EDA-BBCB-84A0EAD111BD}.Release|x64.Build.0 = Release|Any CPU
		{2B7A8D60-2B1A-4EDA-BBCB-84A0EAD111BD}.Release|x86.ActiveCfg = Release|Any CPU
		{2B7A8D60-2B1A-4EDA-BBCB-84A0EAD111BD}.Release|x86.Build.0 = Release|Any CPU
		{D3241AA1-5B03-4957-B596-91D61AF6C7F8}.Debug|Any CPU.ActiveCfg = Debug|x64
		{D3241AA1-5B03-4957-B596-91D61AF6C7F8}.Debug|Any CPU.Build.0 = Debug|x64
		{D3241AA1-5B03-4957-B596-91D61AF6C7F8}.Debug|Any CPU.Deploy.0 = Debug|x64
		{D3241AA1-5B03-4957-B596-91D61AF6C7F8}.Debug|ARM.ActiveCfg = Debug|ARM
		{D3241AA1-5B03-4957-B596-91D61AF6C7F8}.Debug|ARM.Build.0 = Debug|ARM
		{D3241AA1-5B03-4957-B596-91D61AF6C7F8}.Debug|ARM.Deploy.0 = Debug|ARM
		{D3241AA1-5B03-4957-B596-91D61AF6C7F8}.Debug|ARM64.ActiveCfg = Debug|ARM64
		{D3241AA1-5B03-4957-B596-91D61AF6C7F8}.Debug|ARM64.Build.0 = Debug|ARM64
		{D3241AA1-5B03-4957-B596-91D61AF6C7F8}.Debug|ARM64.Deploy.0 = Debug|ARM64
		{D3241AA1-5B03-4957-B596-91D61AF6C7F8}.Debug|x64.ActiveCfg = Debug|x64
		{D3241AA1-5B03-4957-B596-91D61AF6C7F8}.Debug|x64.Build.0 = Debug|x64
		{D3241AA1-5B03-4957-B596-91D61AF6C7F8}.Debug|x64.Deploy.0 = Debug|x64
		{D3241AA1-5B03-4957-B596-91D61AF6C7F8}.Debug|x86.ActiveCfg = Debug|x86
		{D3241AA1-5B03-4957-B596-91D61AF6C7F8}.Debug|x86.Build.0 = Debug|x86
		{D3241AA1-5B03-4957-B596-91D61AF6C7F8}.Debug|x86.Deploy.0 = Debug|x86
		{D3241AA1-5B03-4957-B596-91D61AF6C7F8}.Release|Any CPU.ActiveCfg = Release|x64
		{D3241AA1-5B03-4957-B596-91D61AF6C7F8}.Release|Any CPU.Build.0 = Release|x64
		{D3241AA1-5B03-4957-B596-91D61AF6C7F8}.Release|Any CPU.Deploy.0 = Release|x64
		{D3241AA1-5B03-4957-B596-91D61AF6C7F8}.Release|ARM.ActiveCfg = Release|ARM
		{D3241AA1-5B03-4957-B596-91D61AF6C7F8}.Release|ARM.Build.0 = Release|ARM
		{D3241AA1-5B03-4957-B596-91D61AF6C7F8}.Release|ARM.Deploy.0 = Release|ARM
		{D3241AA1-5B03-4957-B596-91D61AF6C7F8}.Release|ARM64.ActiveCfg = Release|ARM64
		{D3241AA1-5B03-4957-B596-91D61AF6C7F8}.Release|ARM64.Build.0 = Release|ARM64
		{D3241AA1-5B03-4957-B596-91D61AF6C7F8}.Release|ARM64.Deploy.0 = Release|ARM64
		{D3241AA1-5B03-4957-B596-91D61AF6C7F8}.Release|x64.ActiveCfg = Release|x64
		{D3241AA1-5B03-4957-B596-91D61AF6C7F8}.Release|x64.Build.0 = Release|x64
		{D3241AA1-5B03-4957-B596-91D61AF6C7F8}.Release|x64.Deploy.0 = Release|x64
		{D3241AA1-5B03-4957-B596-91D61AF6C7F8}.Release|x86.ActiveCfg = Release|x86
		{D3241AA1-5B03-4957-B596-91D61AF6C7F8}.Release|x86.Build.0 = Release|x86
		{D3241AA1-5B03-4957-B596-91D61AF6C7F8}.Release|x86.Deploy.0 = Release|x86
	EndGlobalSection
	GlobalSection(SolutionProperties) = preSolution
		HideSolutionNode = FALSE
	EndGlobalSection
	GlobalSection(NestedProjects) = preSolution
		{F9EAD2CA-ED0F-40AD-9B7A-370F5A935CFA} = {ABA0B3AC-820E-47FD-B20A-A997315ED3B9}
		{D506A66A-2046-4567-86D6-CE24D7F75E60} = {B039D205-0874-4386-B437-1D4A452EBE1D}
		{7C1A58AA-DD3C-4B5D-9FEC-43657F95E234} = {AF3E1400-9DD7-4400-9507-89928420CB1A}
		{C220B3E6-C252-4266-96F5-25961D75E869} = {0539C154-EE8A-4A6E-8580-5ED4CE7DDA62}
		{5D190F01-B053-4C69-9D48-01423FAA3699} = {B039D205-0874-4386-B437-1D4A452EBE1D}
		{125E03C1-E989-4469-9CF8-E13FF99C5F97} = {AF3E1400-9DD7-4400-9507-89928420CB1A}
		{F61ACF40-C26F-4FA9-9466-3B3C48ECFB37} = {C370C156-71B2-4F6D-9091-602CA6D1BE74}
		{8ACBDD82-CA82-4C40-BC22-A1C484282400} = {B6392670-0EEC-48F1-A4D8-D24D84E4A3DB}
		{122FDBA0-592C-4344-AFF0-6C7366E4F4FA} = {0539C154-EE8A-4A6E-8580-5ED4CE7DDA62}
		{2B7A8D60-2B1A-4EDA-BBCB-84A0EAD111BD} = {0539C154-EE8A-4A6E-8580-5ED4CE7DDA62}
		{D3241AA1-5B03-4957-B596-91D61AF6C7F8} = {B6392670-0EEC-48F1-A4D8-D24D84E4A3DB}
	EndGlobalSection
	GlobalSection(ExtensibilityGlobals) = postSolution
		SolutionGuid = {CBB104A7-F7D7-421E-A3DE-BD5AFF1850B0}
	EndGlobalSection
EndGlobal
