<?xml version="1.0" encoding="utf-8"?>
<Project ToolsVersion="4.0" xmlns="http://schemas.microsoft.com/developer/msbuild/2003">
  <ItemGroup>
    <Filter Include="Quelldateien">
      <UniqueIdentifier>{4FC737F1-C7A5-4376-A066-2A32D752A2FF}</UniqueIdentifier>
      <Extensions>cpp;c;cc;cxx;c++;cppm;ixx;def;odl;idl;hpj;bat;asm;asmx</Extensions>
    </Filter>
    <Filter Include="Headerdateien">
      <UniqueIdentifier>{93995380-89BD-4b04-88EB-625FBE52EBFB}</UniqueIdentifier>
      <Extensions>h;hh;hpp;hxx;h++;hm;inl;inc;ipp;xsd</Extensions>
    </Filter>
    <Filter Include="Ressourcendateien">
      <UniqueIdentifier>{67DA6AB6-F800-4c08-8B7A-83BB121AAD01}</UniqueIdentifier>
      <Extensions>rc;ico;cur;bmp;dlg;rc2;rct;bin;rgs;gif;jpg;jpeg;jpe;resx;tiff;tif;png;wav;mfcribbon-ms</Extensions>
    </Filter>
  </ItemGroup>
  <ItemGroup>
    <ClInclude Include="DataBase\PXDataBase.hpp">
      <Filter>Headerdateien</Filter>
    </ClInclude>
    <ClInclude Include="Media\PXText.hpp">
      <Filter>Headerdateien</Filter>
    </ClInclude>
    <ClInclude Include="OS\Error\PXActionResult.hpp">
      <Filter>Headerdateien</Filter>
    </ClInclude>
    <ClInclude Include="OS\Window\PXWindow.hpp">
      <Filter>Headerdateien</Filter>
    </ClInclude>
    <ClInclude Include="OS\User\PXUser.hpp">
      <Filter>Headerdateien</Filter>
    </ClInclude>
    <ClInclude Include="OS\File\PXDirectory.hpp">
      <Filter>Headerdateien</Filter>
    </ClInclude>
    <ClInclude Include="OS\File\PXFile.hpp">
      <Filter>Headerdateien</Filter>
    </ClInclude>
    <ClInclude Include="OS\Memory\PXMemory.hpp">
      <Filter>Headerdateien</Filter>
    </ClInclude>
    <ClInclude Include="OS\Library\PXLibrary.hpp">
      <Filter>Headerdateien</Filter>
    </ClInclude>
    <ClInclude Include="OS\Async\PXThread.hpp">
      <Filter>Headerdateien</Filter>
    </ClInclude>
    <ClInclude Include="OS\Async\PXLock.hpp">
      <Filter>Headerdateien</Filter>
    </ClInclude>
    <ClInclude Include="OS\Audio\PXAudio.hpp">
      <Filter>Headerdateien</Filter>
    </ClInclude>
    <ClInclude Include="OS\Debug\PXDebug.hpp">
      <Filter>Headerdateien</Filter>
    </ClInclude>
    <ClInclude Include="OS\ClipBoard\PXClipBoard.hpp">
      <Filter>Headerdateien</Filter>
    </ClInclude>
    <ClInclude Include="OS\Hardware\PXController.hpp">
      <Filter>Headerdateien</Filter>
    </ClInclude>
    <ClInclude Include="OS\Hardware\PXHardDrive.hpp">
      <Filter>Headerdateien</Filter>
    </ClInclude>
    <ClInclude Include="OS\Hardware\PXKeyBoard.hpp">
      <Filter>Headerdateien</Filter>
    </ClInclude>
    <ClInclude Include="OS\Hardware\PXMonitor.hpp">
      <Filter>Headerdateien</Filter>
    </ClInclude>
    <ClInclude Include="OS\Hardware\PXMouse.hpp">
      <Filter>Headerdateien</Filter>
    </ClInclude>
    <ClInclude Include="OS\Hardware\PXProcessor.hpp">
      <Filter>Headerdateien</Filter>
    </ClInclude>
    <ClInclude Include="OS\Graphic\DirectX\PXDirectX.hpp">
      <Filter>Headerdateien</Filter>
    </ClInclude>
    <ClInclude Include="OS\Graphic\OpenGL\PXOpenGL.hpp">
      <Filter>Headerdateien</Filter>
    </ClInclude>
    <ClInclude Include="OS\Graphic\Vulcan\PXVulcan.hpp">
      <Filter>Headerdateien</Filter>
    </ClInclude>
    <ClInclude Include="Math\PXMath.hpp">
      <Filter>Headerdateien</Filter>
    </ClInclude>
    <ClInclude Include="Math\PXMatrix.hpp">
      <Filter>Headerdateien</Filter>
    </ClInclude>
    <ClInclude Include="Math\PXVector.hpp">
      <Filter>Headerdateien</Filter>
    </ClInclude>
    <ClInclude Include="Media\PXImage.hpp">
      <Filter>Headerdateien</Filter>
    </ClInclude>
    <ClInclude Include="Media\PXModel.hpp">
      <Filter>Headerdateien</Filter>
    </ClInclude>
    <ClInclude Include="Media\PXSound.hpp">
      <Filter>Headerdateien</Filter>
    </ClInclude>
    <ClInclude Include="Media\PXFont.hpp">
      <Filter>Headerdateien</Filter>
    </ClInclude>
    <ClInclude Include="OS\Network\PXClient.hpp">
      <Filter>Headerdateien</Filter>
    </ClInclude>
    <ClInclude Include="OS\Network\PXServer.hpp">
      <Filter>Headerdateien</Filter>
    </ClInclude>
    <ClInclude Include="OS\Network\PXSocket.hpp">
      <Filter>Headerdateien</Filter>
    </ClInclude>
    <ClInclude Include="Media\PNG\PXPNG.hpp">
      <Filter>Headerdateien</Filter>
    </ClInclude>
    <ClInclude Include="Media\ZLIB\PXZLIB.hpp">
      <Filter>Headerdateien</Filter>
    </ClInclude>
    <ClInclude Include="Media\YAML\PXYAML.hpp">
      <Filter>Headerdateien</Filter>
    </ClInclude>
    <ClInclude Include="Media\XML\PXXML.hpp">
      <Filter>Headerdateien</Filter>
    </ClInclude>
    <ClInclude Include="Media\XingInfo\PXXingInfo.hpp">
      <Filter>Headerdateien</Filter>
    </ClInclude>
    <ClInclude Include="Media\Wavefront\PXWavefront.hpp">
      <Filter>Headerdateien</Filter>
    </ClInclude>
    <ClInclude Include="Media\WMA\PXWMA.hpp">
      <Filter>Headerdateien</Filter>
    </ClInclude>
    <ClInclude Include="Media\WEBM\PXWEBM.hpp">
      <Filter>Headerdateien</Filter>
    </ClInclude>
    <ClInclude Include="Media\WEBP\PXWEBP.hpp">
      <Filter>Headerdateien</Filter>
    </ClInclude>
    <ClInclude Include="Media\WAV\PXWAV.hpp">
      <Filter>Headerdateien</Filter>
    </ClInclude>
    <ClInclude Include="Media\VRML\PXVRML.hpp">
      <Filter>Headerdateien</Filter>
    </ClInclude>
    <ClInclude Include="Media\TTF\PXTTF.hpp">
      <Filter>Headerdateien</Filter>
    </ClInclude>
    <ClInclude Include="Media\UUID\PXUUID.hpp">
      <Filter>Headerdateien</Filter>
    </ClInclude>
    <ClInclude Include="Media\TGA\PXTGA.hpp">
      <Filter>Headerdateien</Filter>
    </ClInclude>
    <ClInclude Include="Media\TIFF\PXTIFF.hpp">
      <Filter>Headerdateien</Filter>
    </ClInclude>
    <ClInclude Include="Media\QOI\PXQOI.hpp">
      <Filter>Headerdateien</Filter>
    </ClInclude>
    <ClInclude Include="Media\RIFF\PXRIFF.hpp">
      <Filter>Headerdateien</Filter>
    </ClInclude>
    <ClInclude Include="Media\RSA\PXRSA.hpp">
      <Filter>Headerdateien</Filter>
    </ClInclude>
    <ClInclude Include="Media\SHA\PXSHA.hpp">
      <Filter>Headerdateien</Filter>
    </ClInclude>
    <ClInclude Include="Media\SpriteFont\PXSpriteFont.hpp">
      <Filter>Headerdateien</Filter>
    </ClInclude>
    <ClInclude Include="Media\STEP\PXSTEP.hpp">
      <Filter>Headerdateien</Filter>
    </ClInclude>
    <ClInclude Include="Media\STL\PXSTL.hpp">
      <Filter>Headerdateien</Filter>
    </ClInclude>
    <ClInclude Include="Media\SVG\PXSVG.hpp">
      <Filter>Headerdateien</Filter>
    </ClInclude>
    <ClInclude Include="OS\System\PXRegistry.hpp">
      <Filter>Headerdateien</Filter>
    </ClInclude>
    <ClInclude Include="Service\LDAP\PXLDAPClient.hpp">
      <Filter>Headerdateien</Filter>
    </ClInclude>
    <ClInclude Include="Service\SBP\PXSBP.hpp">
      <Filter>Headerdateien</Filter>
    </ClInclude>
    <ClInclude Include="Service\HTTP\PXHTTPClient.hpp">
      <Filter>Headerdateien</Filter>
    </ClInclude>
    <ClInclude Include="Service\FTP\PXFTPClient.hpp">
      <Filter>Headerdateien</Filter>
    </ClInclude>
    <ClInclude Include="Service\FTP\PXFTPServer.hpp">
      <Filter>Headerdateien</Filter>
    </ClInclude>
    <ClInclude Include="Service\HTTP\PXHTTPServer.hpp">
      <Filter>Headerdateien</Filter>
    </ClInclude>
    <ClInclude Include="OS\Async\PXProcess.hpp">
      <Filter>Headerdateien</Filter>
    </ClInclude>
    <ClInclude Include="OS\Async\PXProgram.hpp">
      <Filter>Headerdateien</Filter>
    </ClInclude>
    <ClInclude Include="Media\PLY\PXPLY.hpp">
      <Filter>Headerdateien</Filter>
    </ClInclude>
    <ClInclude Include="Media\MIDI\PXMIDI.hpp">
      <Filter>Headerdateien</Filter>
    </ClInclude>
    <ClInclude Include="Media\MP3\PXMP3.hpp">
      <Filter>Headerdateien</Filter>
    </ClInclude>
    <ClInclude Include="Media\MP4\PXMP4.hpp">
      <Filter>Headerdateien</Filter>
    </ClInclude>
    <ClInclude Include="Media\MTL\PXMTL.hpp">
      <Filter>Headerdateien</Filter>
    </ClInclude>
    <ClInclude Include="Media\OGG\PXOGG.hpp">
      <Filter>Headerdateien</Filter>
    </ClInclude>
    <ClInclude Include="Media\PDF\PXPDF.hpp">
      <Filter>Headerdateien</Filter>
    </ClInclude>
    <ClInclude Include="Media\PHP\PXPHP.hpp">
      <Filter>Headerdateien</Filter>
    </ClInclude>
    <ClInclude Include="Media\MD5\PXMD5.hpp">
      <Filter>Headerdateien</Filter>
    </ClInclude>
    <ClInclude Include="Media\MSI\PXMSI.hpp">
      <Filter>Headerdateien</Filter>
    </ClInclude>
    <ClInclude Include="Media\M4A\PXM4A.hpp">
      <Filter>Headerdateien</Filter>
    </ClInclude>
    <ClInclude Include="Media\ID3\PXID3.hpp">
      <Filter>Headerdateien</Filter>
    </ClInclude>
    <ClInclude Include="Media\INI\PXINI.hpp">
      <Filter>Headerdateien</Filter>
    </ClInclude>
    <ClInclude Include="Media\IP\PXIP.hpp">
      <Filter>Headerdateien</Filter>
    </ClInclude>
    <ClInclude Include="Media\ISBN\PXISBN.hpp">
      <Filter>Headerdateien</Filter>
    </ClInclude>
    <ClInclude Include="Media\JPEG\PXJPEG.hpp">
      <Filter>Headerdateien</Filter>
    </ClInclude>
    <ClInclude Include="Media\JSON\PXJSON.hpp">
      <Filter>Headerdateien</Filter>
    </ClInclude>
    <ClInclude Include="Media\LAME\PXLAME.hpp">
      <Filter>Headerdateien</Filter>
    </ClInclude>
    <ClInclude Include="Media\LZ77\PXLZ77.hpp">
      <Filter>Headerdateien</Filter>
    </ClInclude>
    <ClInclude Include="Media\3DS\PX3DS.hpp">
      <Filter>Headerdateien</Filter>
    </ClInclude>
    <ClInclude Include="Media\AAC\PXAAC.hpp">
      <Filter>Headerdateien</Filter>
    </ClInclude>
    <ClInclude Include="Media\ADAM7\PXADAM7.hpp">
      <Filter>Headerdateien</Filter>
    </ClInclude>
    <ClInclude Include="Media\ADLER\PXAdler32.hpp">
      <Filter>Headerdateien</Filter>
    </ClInclude>
    <ClInclude Include="Media\AVI\PXAVI.hpp">
      <Filter>Headerdateien</Filter>
    </ClInclude>
    <ClInclude Include="Media\Bitmap\PXBitmap.hpp">
      <Filter>Headerdateien</Filter>
    </ClInclude>
    <ClInclude Include="Media\C\PXC.hpp">
      <Filter>Headerdateien</Filter>
    </ClInclude>
    <ClInclude Include="Media\CPP\PXCPP.hpp">
      <Filter>Headerdateien</Filter>
    </ClInclude>
    <ClInclude Include="Media\CRC32\PXCRC32.hpp">
      <Filter>Headerdateien</Filter>
    </ClInclude>
    <ClInclude Include="Media\CS\PXCS.hpp">
      <Filter>Headerdateien</Filter>
    </ClInclude>
    <ClInclude Include="Media\CSS\CSS.hpp">
      <Filter>Headerdateien</Filter>
    </ClInclude>
    <ClInclude Include="Media\DEFLATE\PXDEFLATE.hpp">
      <Filter>Headerdateien</Filter>
    </ClInclude>
    <ClInclude Include="Media\DLL\PXDLL.hpp">
      <Filter>Headerdateien</Filter>
    </ClInclude>
    <ClInclude Include="Media\ELF\PXELF.hpp">
      <Filter>Headerdateien</Filter>
    </ClInclude>
    <ClInclude Include="Media\Email\PXEmail.hpp">
      <Filter>Headerdateien</Filter>
    </ClInclude>
    <ClInclude Include="Media\EXE\PXEXE.hpp">
      <Filter>Headerdateien</Filter>
    </ClInclude>
    <ClInclude Include="Media\FilmBox\PXFilmBox.hpp">
      <Filter>Headerdateien</Filter>
    </ClInclude>
    <ClInclude Include="Media\FLAC\PXFLAC.hpp">
      <Filter>Headerdateien</Filter>
    </ClInclude>
    <ClInclude Include="Media\FMT\PXFMT.hpp">
      <Filter>Headerdateien</Filter>
    </ClInclude>
    <ClInclude Include="Media\FTP\PXFTP.hpp">
      <Filter>Headerdateien</Filter>
    </ClInclude>
    <ClInclude Include="Media\GIF\PXGIF.hpp">
      <Filter>Headerdateien</Filter>
    </ClInclude>
    <ClInclude Include="Media\HTML\PXHTML.hpp">
      <Filter>Headerdateien</Filter>
    </ClInclude>
    <ClInclude Include="Media\HTTP\PXHTTP.hpp">
      <Filter>Headerdateien</Filter>
    </ClInclude>
    <ClInclude Include="Media\Huffman\PXHuffman.hpp">
      <Filter>Headerdateien</Filter>
    </ClInclude>
    <ClInclude Include="Media\PXColor.hpp">
      <Filter>Headerdateien</Filter>
    </ClInclude>
  </ItemGroup>
  <ItemGroup>
    <ClCompile Include="DataBase\PXDataBase.cpp">
      <Filter>Quelldateien</Filter>
    </ClCompile>
    <ClCompile Include="Media\PXText.cpp">
      <Filter>Quelldateien</Filter>
    </ClCompile>
    <ClCompile Include="OS\Error\PXActionResult.cpp">
      <Filter>Quelldateien</Filter>
    </ClCompile>
    <ClCompile Include="OS\Window\PXWindow.cpp">
      <Filter>Quelldateien</Filter>
    </ClCompile>
    <ClCompile Include="OS\User\PXUser.cpp">
      <Filter>Quelldateien</Filter>
    </ClCompile>
    <ClCompile Include="OS\File\PXDirectory.cpp">
      <Filter>Quelldateien</Filter>
    </ClCompile>
    <ClCompile Include="OS\File\PXFile.cpp">
      <Filter>Quelldateien</Filter>
    </ClCompile>
    <ClCompile Include="OS\Memory\PXMemory.cpp">
      <Filter>Quelldateien</Filter>
    </ClCompile>
    <ClCompile Include="OS\Library\PXLibrary.cpp">
      <Filter>Quelldateien</Filter>
    </ClCompile>
    <ClCompile Include="OS\Async\PXLock.cpp">
      <Filter>Quelldateien</Filter>
    </ClCompile>
    <ClCompile Include="OS\Async\PXThread.cpp">
      <Filter>Quelldateien</Filter>
    </ClCompile>
    <ClCompile Include="OS\Audio\PXAudio.cpp">
      <Filter>Quelldateien</Filter>
    </ClCompile>
    <ClCompile Include="OS\Debug\PXDebug.cpp">
      <Filter>Quelldateien</Filter>
    </ClCompile>
    <ClCompile Include="OS\ClipBoard\PXClipBoard.cpp">
      <Filter>Quelldateien</Filter>
    </ClCompile>
    <ClCompile Include="OS\Hardware\PXController.cpp">
      <Filter>Quelldateien</Filter>
    </ClCompile>
    <ClCompile Include="OS\Hardware\PXHardDrive.cpp">
      <Filter>Quelldateien</Filter>
    </ClCompile>
    <ClCompile Include="OS\Hardware\PXKeyBoard.cpp">
      <Filter>Quelldateien</Filter>
    </ClCompile>
    <ClCompile Include="OS\Hardware\PXMonitor.cpp">
      <Filter>Quelldateien</Filter>
    </ClCompile>
    <ClCompile Include="OS\Hardware\PXMouse.cpp">
      <Filter>Quelldateien</Filter>
    </ClCompile>
    <ClCompile Include="OS\Hardware\PXProcessor.cpp">
      <Filter>Quelldateien</Filter>
    </ClCompile>
    <ClCompile Include="OS\Graphic\DirectX\PXDirectX.cpp">
      <Filter>Quelldateien</Filter>
    </ClCompile>
    <ClCompile Include="OS\Graphic\OpenGL\PXOpenGL.cpp">
      <Filter>Quelldateien</Filter>
    </ClCompile>
    <ClCompile Include="OS\Graphic\Vulcan\PXVulcan.cpp">
      <Filter>Quelldateien</Filter>
    </ClCompile>
    <ClCompile Include="Math\PXMath.cpp">
      <Filter>Quelldateien</Filter>
    </ClCompile>
    <ClCompile Include="Math\PXMatrix.cpp">
      <Filter>Quelldateien</Filter>
    </ClCompile>
    <ClCompile Include="Math\PXVector.cpp">
      <Filter>Quelldateien</Filter>
    </ClCompile>
    <ClCompile Include="Media\PXImage.cpp">
      <Filter>Quelldateien</Filter>
    </ClCompile>
    <ClCompile Include="Media\PXModel.cpp">
      <Filter>Quelldateien</Filter>
    </ClCompile>
    <ClCompile Include="Media\PXSound.cpp">
      <Filter>Quelldateien</Filter>
    </ClCompile>
    <ClCompile Include="Media\PXFont.cpp">
      <Filter>Quelldateien</Filter>
    </ClCompile>
    <ClCompile Include="OS\Network\PXClient.cpp">
      <Filter>Quelldateien</Filter>
    </ClCompile>
    <ClCompile Include="OS\Network\PXServer.cpp">
      <Filter>Quelldateien</Filter>
    </ClCompile>
    <ClCompile Include="OS\Network\PXSocket.cpp">
      <Filter>Quelldateien</Filter>
    </ClCompile>
    <ClCompile Include="Media\PNG\PXPNG.cpp">
      <Filter>Quelldateien</Filter>
    </ClCompile>
    <ClCompile Include="Media\ZLIB\PXZLIB.cpp">
      <Filter>Quelldateien</Filter>
    </ClCompile>
    <ClCompile Include="Media\YAML\PXYAML.cpp">
      <Filter>Quelldateien</Filter>
    </ClCompile>
    <ClCompile Include="Media\XML\PXXML.cpp">
      <Filter>Quelldateien</Filter>
    </ClCompile>
    <ClCompile Include="Media\XingInfo\PXXingInfo.cpp">
      <Filter>Quelldateien</Filter>
    </ClCompile>
    <ClCompile Include="Media\Wavefront\PXWavefront.cpp">
      <Filter>Quelldateien</Filter>
    </ClCompile>
    <ClCompile Include="Media\WEBM\PXWEBM.cpp">
      <Filter>Quelldateien</Filter>
    </ClCompile>
    <ClCompile Include="Media\WEBP\PXWEBP.cpp">
      <Filter>Quelldateien</Filter>
    </ClCompile>
    <ClCompile Include="Media\WMA\PXWMA.cpp">
      <Filter>Quelldateien</Filter>
    </ClCompile>
    <ClCompile Include="Media\WAV\PXWAV.cpp">
      <Filter>Quelldateien</Filter>
    </ClCompile>
    <ClCompile Include="Media\TTF\PXTTF.cpp">
      <Filter>Quelldateien</Filter>
    </ClCompile>
    <ClCompile Include="Media\UUID\PXUUID.cpp">
      <Filter>Quelldateien</Filter>
    </ClCompile>
    <ClCompile Include="Media\VRML\PXVRML.cpp">
      <Filter>Quelldateien</Filter>
    </ClCompile>
    <ClCompile Include="Media\TGA\PXTGA.cpp">
      <Filter>Quelldateien</Filter>
    </ClCompile>
    <ClCompile Include="Media\TIFF\PXTIFF.cpp">
      <Filter>Quelldateien</Filter>
    </ClCompile>
    <ClCompile Include="Media\QOI\PXQOI.cpp">
      <Filter>Quelldateien</Filter>
    </ClCompile>
    <ClCompile Include="Media\RIFF\PXRIFF.cpp">
      <Filter>Quelldateien</Filter>
    </ClCompile>
    <ClCompile Include="Media\RSA\PXRSA.cpp">
      <Filter>Quelldateien</Filter>
    </ClCompile>
    <ClCompile Include="Media\SHA\PXSHA.cpp">
      <Filter>Quelldateien</Filter>
    </ClCompile>
    <ClCompile Include="Media\SpriteFont\PXSpriteFont.cpp">
      <Filter>Quelldateien</Filter>
    </ClCompile>
    <ClCompile Include="Media\STEP\PXSTEP.cpp">
      <Filter>Quelldateien</Filter>
    </ClCompile>
    <ClCompile Include="Media\STL\PXSTL.cpp">
      <Filter>Quelldateien</Filter>
    </ClCompile>
    <ClCompile Include="Media\SVG\PXSVG.cpp">
      <Filter>Quelldateien</Filter>
    </ClCompile>
    <ClCompile Include="OS\System\PXRegistry.cpp">
      <Filter>Quelldateien</Filter>
    </ClCompile>
    <ClCompile Include="Service\LDAP\PXLDAPClient.cpp">
      <Filter>Quelldateien</Filter>
    </ClCompile>
    <ClCompile Include="Service\SBP\PXSBP.cpp">
      <Filter>Quelldateien</Filter>
    </ClCompile>
    <ClCompile Include="Service\FTP\PXFTPClient.cpp">
      <Filter>Quelldateien</Filter>
    </ClCompile>
    <ClCompile Include="Service\HTTP\PXHTTPClient.cpp">
      <Filter>Quelldateien</Filter>
    </ClCompile>
    <ClCompile Include="Service\FTP\PXFTPServer.cpp">
      <Filter>Quelldateien</Filter>
    </ClCompile>
    <ClCompile Include="Service\HTTP\PXHTTPServer.cpp">
      <Filter>Quelldateien</Filter>
    </ClCompile>
    <ClCompile Include="OS\Async\PXProcess.cpp">
      <Filter>Quelldateien</Filter>
    </ClCompile>
    <ClCompile Include="OS\Async\PXProgram.cpp">
      <Filter>Quelldateien</Filter>
    </ClCompile>
    <ClCompile Include="Media\MIDI\PXMIDI.cpp">
      <Filter>Quelldateien</Filter>
    </ClCompile>
    <ClCompile Include="Media\MP3\PXMP3.cpp">
      <Filter>Quelldateien</Filter>
    </ClCompile>
    <ClCompile Include="Media\MP4\PXMP4.cpp">
      <Filter>Quelldateien</Filter>
    </ClCompile>
    <ClCompile Include="Media\MSI\PXMSI.cpp">
      <Filter>Quelldateien</Filter>
    </ClCompile>
    <ClCompile Include="Media\MTL\PXMTL.cpp">
      <Filter>Quelldateien</Filter>
    </ClCompile>
    <ClCompile Include="Media\OGG\PXOGG.cpp">
      <Filter>Quelldateien</Filter>
    </ClCompile>
    <ClCompile Include="Media\PDF\PXPDF.cpp">
      <Filter>Quelldateien</Filter>
    </ClCompile>
    <ClCompile Include="Media\PHP\PXPHP.cpp">
      <Filter>Quelldateien</Filter>
    </ClCompile>
    <ClCompile Include="Media\PLY\PXPLY.cpp">
      <Filter>Quelldateien</Filter>
    </ClCompile>
    <ClCompile Include="Media\MD5\PXMD5.cpp">
      <Filter>Quelldateien</Filter>
    </ClCompile>
    <ClCompile Include="Media\ID3\PXID3.cpp">
      <Filter>Quelldateien</Filter>
    </ClCompile>
    <ClCompile Include="Media\INI\PXINI.cpp">
      <Filter>Quelldateien</Filter>
    </ClCompile>
    <ClCompile Include="Media\IP\PXIP.cpp">
      <Filter>Quelldateien</Filter>
    </ClCompile>
    <ClCompile Include="Media\ISBN\PXISBN.cpp">
      <Filter>Quelldateien</Filter>
    </ClCompile>
    <ClCompile Include="Media\JPEG\PXJPEG.cpp">
      <Filter>Quelldateien</Filter>
    </ClCompile>
    <ClCompile Include="Media\JSON\PXJSON.cpp">
      <Filter>Quelldateien</Filter>
    </ClCompile>
    <ClCompile Include="Media\LAME\PXLAME.cpp">
      <Filter>Quelldateien</Filter>
    </ClCompile>
    <ClCompile Include="Media\LZ77\PXLZ77.cpp">
      <Filter>Quelldateien</Filter>
    </ClCompile>
    <ClCompile Include="Media\M4A\PXM4A.cpp">
      <Filter>Quelldateien</Filter>
    </ClCompile>
    <ClCompile Include="Media\3DS\PX3DS.cpp">
      <Filter>Quelldateien</Filter>
    </ClCompile>
    <ClCompile Include="Media\AAC\PXAAC.cpp">
      <Filter>Quelldateien</Filter>
    </ClCompile>
    <ClCompile Include="Media\ADAM7\PXADAM7.cpp">
      <Filter>Quelldateien</Filter>
    </ClCompile>
    <ClCompile Include="Media\ADLER\PXAdler32.cpp">
      <Filter>Quelldateien</Filter>
    </ClCompile>
    <ClCompile Include="Media\AVI\PXAVI.cpp">
      <Filter>Quelldateien</Filter>
    </ClCompile>
    <ClCompile Include="Media\Bitmap\PXBitmap.cpp">
      <Filter>Quelldateien</Filter>
    </ClCompile>
    <ClCompile Include="Media\C\PXC.cpp">
      <Filter>Quelldateien</Filter>
    </ClCompile>
    <ClCompile Include="Media\CPP\PXCPP.cpp">
      <Filter>Quelldateien</Filter>
    </ClCompile>
    <ClCompile Include="Media\CRC32\PXCRC32.cpp">
      <Filter>Quelldateien</Filter>
    </ClCompile>
    <ClCompile Include="Media\CS\PXCS.cpp">
      <Filter>Quelldateien</Filter>
    </ClCompile>
    <ClCompile Include="Media\CSS\CSS.cpp">
      <Filter>Quelldateien</Filter>
    </ClCompile>
    <ClCompile Include="Media\DEFLATE\PXDEFLATE.cpp">
      <Filter>Quelldateien</Filter>
    </ClCompile>
    <ClCompile Include="Media\DLL\PXDLL.cpp">
      <Filter>Quelldateien</Filter>
    </ClCompile>
    <ClCompile Include="Media\ELF\PXELF.cpp">
      <Filter>Quelldateien</Filter>
    </ClCompile>
    <ClCompile Include="Media\Email\PXEmail.cpp">
      <Filter>Quelldateien</Filter>
    </ClCompile>
    <ClCompile Include="Media\EXE\PXEXE.cpp">
      <Filter>Quelldateien</Filter>
    </ClCompile>
    <ClCompile Include="Media\FilmBox\PXFilmBox.cpp">
      <Filter>Quelldateien</Filter>
    </ClCompile>
    <ClCompile Include="Media\FLAC\PXFLAC.cpp">
      <Filter>Quelldateien</Filter>
    </ClCompile>
    <ClCompile Include="Media\FMT\PXFMT.cpp">
      <Filter>Quelldateien</Filter>
    </ClCompile>
    <ClCompile Include="Media\FTP\PXFTP.cpp">
      <Filter>Quelldateien</Filter>
    </ClCompile>
    <ClCompile Include="Media\GIF\PXGIF.cpp">
      <Filter>Quelldateien</Filter>
    </ClCompile>
    <ClCompile Include="Media\HTML\PXHTML.cpp">
      <Filter>Quelldateien</Filter>
    </ClCompile>
    <ClCompile Include="Media\HTTP\PXHTTP.cpp">
      <Filter>Quelldateien</Filter>
    </ClCompile>
    <ClCompile Include="Media\Huffman\PXHuffman.cpp">
      <Filter>Quelldateien</Filter>
    </ClCompile>
    <ClCompile Include="Media\PXColor.cpp">
      <Filter>Quelldateien</Filter>
    </ClCompile>
  </ItemGroup>
</Project>