<?xml version="1.0" encoding="utf-8"?>
<Project ToolsVersion="4.0" xmlns="http://schemas.microsoft.com/developer/msbuild/2003">
  <ItemGroup>
    <ClCompile Include="PX\Algorithm\BubbleSort\PXBubbleSort.c" />
    <ClCompile Include="PX\Algorithm\CollatzConjecture\PXCollatzConjecture.c" />
    <ClCompile Include="PX\Algorithm\Dijkstra\PXDijkstra.c" />
    <ClCompile Include="PX\Algorithm\Fractal\PXFractal.c" />
    <ClCompile Include="PX\Algorithm\KalmanFilter\PXKalmanFilter.c" />
    <ClCompile Include="PX\Algorithm\KnowlegeGraph\PXKnowlegeGraph.c" />
    <ClCompile Include="PX\Compiler\DotNet\PXDotNet.c" />
    <ClCompile Include="PX\Compiler\GCC\PXGCC.c" />
    <ClCompile Include="PX\Compiler\Java\PXJava.c" />
    <ClCompile Include="PX\Compiler\MSVC\PXMSVC.c" />
    <ClCompile Include="PX\Compiler\PXCompiler.c" />
    <ClCompile Include="PX\Compiler\PXCompilerSettings.c" />
    <ClCompile Include="PX\Container\Dictionary\PXDictionary.c" />
    <ClCompile Include="PX\Container\List\PXList.c" />
    <ClCompile Include="PX\Container\ListDynamic\PXListDynamic.c" />
    <ClCompile Include="PX\Container\ListHierarchical\PXListHierarchical.c" />
    <ClCompile Include="PX\Container\ListLinked\PXListLinked.c" />
    <ClCompile Include="PX\Container\TreeB\PXTreeB.c" />
    <ClCompile Include="PX\Container\TreeBehaviour\PXTreeBehaviour.c" />
    <ClCompile Include="PX\Container\TreeBinary\PXTreeBinary.c" />
    <ClCompile Include="PX\Container\TreeQuad\PXTreeQuad.c" />
    <ClCompile Include="PX\Engine\Dialog\PXDialogBox.c" />
    <ClCompile Include="PX\Engine\Dialog\PXDialogContainer.c" />
    <ClCompile Include="PX\Engine\Interact\PXSign.c" />
    <ClCompile Include="PX\Engine\PXEngine.c" />
    <ClCompile Include="PX\Engine\PXLobby.c" />
    <ClCompile Include="PX\Engine\PXMod.c" />
    <ClCompile Include="PX\Engine\PXPlayer.c" />
    <ClCompile Include="PX\Graph\BoxPlot\PXBoxPlot.c" />
    <ClCompile Include="PX\Graph\Timeline\PXTimeline.c" />
    <ClCompile Include="PX\Language\PXTranslator.c" />
    <ClCompile Include="PX\Math\PXCollision.c" />
    <ClCompile Include="PX\Math\PXMath.c" />
    <ClCompile Include="PX\Math\PXMatrix.c" />
    <ClCompile Include="PX\Math\PXPhysic.c" />
    <ClCompile Include="PX\Math\PXVector.c" />
    <ClCompile Include="PX\Media\AAC\PXAAC.c" />
    <ClCompile Include="PX\Media\ADAM7\PXADAM7.c" />
    <ClCompile Include="PX\Media\ADLER\PXAdler32.c" />
    <ClCompile Include="PX\Media\Autodesk3DS\PXAutodesk3DS.c" />
    <ClCompile Include="PX\Media\AVI\PXAVI.c" />
    <ClCompile Include="PX\Media\BinaryLinux\PXBinaryLinux.c" />
    <ClCompile Include="PX\Media\BinaryWindows\PXBinaryWindows.c" />
    <ClCompile Include="PX\Media\Bitmap\PXBitmap.c" />
    <ClCompile Include="PX\Media\C\PXC.c" />
    <ClCompile Include="PX\Media\CanonRaw3\PXCanonRaw3.c" />
    <ClCompile Include="PX\Media\COFF\PXCOFF.c" />
    <ClCompile Include="PX\Media\CPP\PXCPP.c" />
    <ClCompile Include="PX\Media\CRC32\PXCRC32.c" />
    <ClCompile Include="PX\Media\CSharp\PXCSharp.c" />
    <ClCompile Include="PX\Media\CSS\PXCSS.c" />
    <ClCompile Include="PX\Media\DDS\PXDDS.c" />
    <ClCompile Include="PX\Media\DEFLATE\PXDEFLATE.c" />
    <ClCompile Include="PX\Media\Email\PXEmail.c" />
    <ClCompile Include="PX\Media\FastFile\PXFastFile.c" />
    <ClCompile Include="PX\Media\FilmBox\PXFilmBox.c" />
    <ClCompile Include="PX\Media\FLAC\PXFLAC.c" />
    <ClCompile Include="PX\Media\FMT\PXFMT.c" />
    <ClCompile Include="PX\Media\FTP\PXFTP.c" />
    <ClCompile Include="PX\Media\GIF\PXGIF.c" />
    <ClCompile Include="PX\Media\GLSL\PXGLSL.c" />
    <ClCompile Include="PX\Media\HEIF\PXHEIF.c" />
    <ClCompile Include="PX\Media\HLSL\PXHLSL.c" />
    <ClCompile Include="PX\Media\HTML\PXHTML.c" />
    <ClCompile Include="PX\Media\HTTP\PXHTTP.c" />
    <ClCompile Include="PX\Media\Huffman\PXHuffman.c" />
    <ClCompile Include="PX\Media\ID3\PXID3.c" />
    <ClCompile Include="PX\Media\INI\PXINI.c" />
    <ClCompile Include="PX\Media\IP\PXIP.c" />
    <ClCompile Include="PX\Media\ISBN\PXISBN.c" />
    <ClCompile Include="PX\Media\Java\PXJava.c" />
    <ClCompile Include="PX\Media\JavaScript\PXJavaScript.c" />
    <ClCompile Include="PX\Media\JPEG\PXJPEG.c" />
    <ClCompile Include="PX\Media\JSON\PXJSON.c" />
    <ClCompile Include="PX\Media\LAME\PXLAME.c" />
    <ClCompile Include="PX\Media\LDAP\PXLDAP.c" />
    <ClCompile Include="PX\Media\Lua\PXLua.c" />
    <ClCompile Include="PX\Media\LZ77\PXLZ77.c" />
    <ClCompile Include="PX\Media\M4V\PXM4V.c" />
    <ClCompile Include="PX\Media\Markdown\PXMarkdown.c" />
    <ClCompile Include="PX\Media\Matroska\PXMatroska.c" />
    <ClCompile Include="PX\Media\MD5\PXMD5.c" />
    <ClCompile Include="PX\Media\MIDI\PXMIDI.c" />
    <ClCompile Include="PX\Media\MIPS\PXMIPS.c" />
    <ClCompile Include="PX\Media\MP3\PXMP3.c" />
    <ClCompile Include="PX\Media\MP4\PXMP4.c" />
    <ClCompile Include="PX\Media\MSI\PXMSI.c" />
    <ClCompile Include="PX\Media\MTL\PXMTL.c" />
    <ClCompile Include="PX\Media\N64\PXN64.c" />
    <ClCompile Include="PX\Media\OGG\PXOGG.c" />
    <ClCompile Include="PX\Media\Pascal\PXPascal.c" />
    <ClCompile Include="PX\Media\PDF\PXPDF.c" />
    <ClCompile Include="PX\Media\PHP\PXPHP.c" />
    <ClCompile Include="PX\Media\PLY\PXPLY.c" />
    <ClCompile Include="PX\Media\PNG\PXPNG.c" />
    <ClCompile Include="PX\Media\PowerPC\PXPowerPC.c" />
    <ClCompile Include="PX\Media\PXLevel\PXLevel.c" />
    <ClCompile Include="PX\Media\QOI\PXQOI.c" />
    <ClCompile Include="PX\Media\RAR\PXRAR.c" />
    <ClCompile Include="PX\Media\RIFF\PXRIFF.c" />
    <ClCompile Include="PX\Media\RSA\PXRSA.c" />
    <ClCompile Include="PX\Media\Salsa20\PXSalsa20.c" />
    <ClCompile Include="PX\Media\SHA\PXSHA.c" />
    <ClCompile Include="PX\Media\SpriteFont\PXSpriteFont.c" />
    <ClCompile Include="PX\Media\SQL\PXSQL.c" />
    <ClCompile Include="PX\Media\STEP\PXSTEP.c" />
    <ClCompile Include="PX\Media\STL\PXSTL.c" />
    <ClCompile Include="PX\Media\SVG\PXSVG.c" />
    <ClCompile Include="PX\Media\TAR\PXTAR.c" />
    <ClCompile Include="PX\Media\TGA\PXTGA.c" />
    <ClCompile Include="PX\Media\TIFF\PXTIFF.c" />
    <ClCompile Include="PX\Media\TTF\PXTTF.c" />
    <ClCompile Include="PX\Media\USD\PXUSD.c" />
    <ClCompile Include="PX\Media\UUID\PXUUID.c" />
    <ClCompile Include="PX\Media\VOB\PXVOB.c" />
    <ClCompile Include="PX\Media\VRML\PXVRML.c" />
    <ClCompile Include="PX\Media\Wave\PXWave.c" />
    <ClCompile Include="PX\Media\Wavefront\PXWavefront.c" />
    <ClCompile Include="PX\Media\WEBM\PXWEBM.c" />
    <ClCompile Include="PX\Media\WEBP\PXWEBP.c" />
    <ClCompile Include="PX\Media\WMA\PXWMA.c" />
    <ClCompile Include="PX\Media\X86\PXX86.c" />
    <ClCompile Include="PX\Media\XingInfo\PXXingInfo.c" />
    <ClCompile Include="PX\Media\XML\PXXML.c" />
    <ClCompile Include="PX\Media\YAML\PXYAML.c" />
    <ClCompile Include="PX\Media\ZIP\PXZIP.c" />
    <ClCompile Include="PX\Media\ZLIB\PXZLIB.c" />
    <ClCompile Include="PX\Media\PXColor.c" />
    <ClCompile Include="PX\Media\PXDocument.c" />
    <ClCompile Include="PX\Media\PXImage.c" />
    <ClCompile Include="PX\Media\PXResource.c" />
    <ClCompile Include="PX\Media\PXText.c" />
    <ClCompile Include="PX\Media\PXType.c" />
    <ClCompile Include="PX\Media\PXUltimaInfo.c" />
    <ClCompile Include="PX\OS\AI\PXAI.c" />
    <ClCompile Include="PX\OS\Async\PXAwait.c" />
    <ClCompile Include="PX\OS\Async\PXLock.c" />
    <ClCompile Include="PX\OS\Async\PXProcess.c" />
    <ClCompile Include="PX\OS\Async\PXProgram.c" />
    <ClCompile Include="PX\OS\Async\PXThread.c" />
    <ClCompile Include="PX\OS\Async\PXThreadPool.c" />
    <ClCompile Include="PX\OS\Audio\PXALSA\PXALSA.c" />
    <ClCompile Include="PX\OS\Audio\PXAudioMIDI\PXAudioMIDI.c" />
    <ClCompile Include="PX\OS\Audio\PXDirectSound\PXDirectSound.c" />
    <ClCompile Include="PX\OS\Audio\PXIAudio\PXIAudio.c" />
    <ClCompile Include="PX\OS\Audio\PXMultiMedia\PXMultiMedia.c" />
    <ClCompile Include="PX\OS\Audio\PXXAudio\PXXAudio.c" />
    <ClCompile Include="PX\OS\Audio\PXAudio.c" />
    <ClCompile Include="PX\OS\Bash\PXBash.c" />
    <ClCompile Include="PX\OS\ClipBoard\PXClipBoard.c" />
    <ClCompile Include="PX\OS\Console\PXConsole.c" />
    <ClCompile Include="PX\OS\DataBase\PXDataBase.c" />
    <ClCompile Include="PX\OS\Debug\PXDebug.c" />
    <ClCompile Include="PX\OS\Dialog\PXDialog.c" />
    <ClCompile Include="PX\OS\Error\PXActionResult.c" />
    <ClCompile Include="PX\OS\File\PXDirectory.c" />
    <ClCompile Include="PX\OS\File\PXFile.c" />
    <ClCompile Include="PX\OS\Graphic\DirectX\PXDirectX.c" />
    <ClCompile Include="PX\OS\Graphic\DirectX\PXDirectX9.c" />
    <ClCompile Include="PX\OS\Graphic\DirectX\PXDirectX10.c" />
    <ClCompile Include="PX\OS\Graphic\DirectX\PXDirectX10x1.c" />
    <ClCompile Include="PX\OS\Graphic\DirectX\PXDirectX11.c" />
    <ClCompile Include="PX\OS\Graphic\DirectX\PXDirectX12.c" />
    <ClCompile Include="PX\OS\Graphic\NativDraw\PXNativDraw.c" />
    <ClCompile Include="PX\OS\Graphic\OpenGL\PXOpenGL.c" />
    <ClCompile Include="PX\OS\Graphic\SoftwareRender\PXSoftwareRender.c" />
    <ClCompile Include="PX\OS\Graphic\Vulcan\PXVulcan.c" />
    <ClCompile Include="PX\OS\Graphic\PXGraphic.c" />
    <ClCompile Include="PX\OS\GUI\PXGUI.c" />
    <ClCompile Include="PX\OS\Hardware\PXController.c" />
    <ClCompile Include="PX\OS\Hardware\PXHardDrive.c" />
    <ClCompile Include="PX\OS\Hardware\PXHardware.c" />
    <ClCompile Include="PX\OS\Hardware\PXKeyBoard.c" />
    <ClCompile Include="PX\OS\Hardware\PXMouse.c" />
    <ClCompile Include="PX\OS\Hardware\PXProcessor.c" />
    <ClCompile Include="PX\OS\Hardware\PXVideo.c" />
    <ClCompile Include="PX\OS\Library\PXLibrary.c" />
    <ClCompile Include="PX\OS\Memory\PXMemory.c" />
    <ClCompile Include="PX\OS\Network\PXClient.c" />
    <ClCompile Include="PX\OS\Network\PXDNS.c" />
    <ClCompile Include="PX\OS\Network\PXNetwork.c" />
    <ClCompile Include="PX\OS\Network\PXServer.c" />
    <ClCompile Include="PX\OS\Network\PXSocket.c" />
    <ClCompile Include="PX\OS\Signal\PXSignal.c" />
    <ClCompile Include="PX\OS\System\Driver\PXDriver.c" />
    <ClCompile Include="PX\OS\System\EventHistory\PXEventHistory.c" />
    <ClCompile Include="PX\OS\System\FireWall\PXFireWall.c" />
    <ClCompile Include="PX\OS\System\Registry\PXRegistry.c" />
    <ClCompile Include="PX\OS\System\Version\PXOSVersion.c" />
    <ClCompile Include="PX\OS\System\PXWindows.c" />
    <ClCompile Include="PX\OS\Time\PXStopWatch.c" />
    <ClCompile Include="PX\OS\Time\PXTime.c" />
    <ClCompile Include="PX\OS\User\PXUser.c" />
    <ClCompile Include="PX\Service\FTP\PXFTPClient.c" />
    <ClCompile Include="PX\Service\FTP\PXFTPServer.c" />
    <ClCompile Include="PX\Service\HTTP\PXHTTPClient.c" />
    <ClCompile Include="PX\Service\HTTP\PXHTTPServer.c" />
    <ClCompile Include="PX\Service\LDAP\PXLDAPClient.c" />
    <ClCompile Include="PX\Service\SBP\PXSBP.c" />
    <ClCompile Include="PX\Media\LZ4\PXLZ4.c" />
  </ItemGroup>
  <ItemGroup>
    <ClInclude Include="PX\Algorithm\BubbleSort\PXBubbleSort.h" />
    <ClInclude Include="PX\Algorithm\CollatzConjecture\PXCollatzConjecture.h" />
    <ClInclude Include="PX\Algorithm\Dijkstra\PXDijkstra.h" />
    <ClInclude Include="PX\Algorithm\Fractal\PXFractal.h" />
    <ClInclude Include="PX\Algorithm\KalmanFilter\PXKalmanFilter.h" />
    <ClInclude Include="PX\Algorithm\KnowlegeGraph\PXKnowlegeGraph.h" />
    <ClInclude Include="PX\Compiler\DotNet\coreclrhost.h" />
    <ClInclude Include="PX\Compiler\DotNet\PXDotNet.h" />
    <ClInclude Include="PX\Compiler\GCC\PXGCC.h" />
    <ClInclude Include="PX\Compiler\Java\PXJava.h" />
    <ClInclude Include="PX\Compiler\MSVC\PXMSVC.h" />
    <ClInclude Include="PX\Compiler\PXCompiler.h" />
    <ClInclude Include="PX\Compiler\PXCompilerSettings.h" />
    <ClInclude Include="PX\Container\Dictionary\PXDictionary.h" />
    <ClInclude Include="PX\Container\List\PXList.h" />
    <ClInclude Include="PX\Container\ListDynamic\PXListDynamic.h" />
    <ClInclude Include="PX\Container\ListHierarchical\PXListHierarchical.h" />
    <ClInclude Include="PX\Container\ListLinked\PXListLinked.h" />
    <ClInclude Include="PX\Container\TreeB\PXTreeB.h" />
    <ClInclude Include="PX\Container\TreeBehaviour\PXTreeBehaviour.h" />
    <ClInclude Include="PX\Container\TreeBinary\PXTreeBinary.h" />
    <ClInclude Include="PX\Container\TreeQuad\PXTreeQuad.h" />
    <ClInclude Include="PX\Engine\Dialog\PXDialogBox.h" />
    <ClInclude Include="PX\Engine\Dialog\PXDialogContainer.h" />
    <ClInclude Include="PX\Engine\Interact\PXSign.h" />
    <ClInclude Include="PX\Engine\PXEngine.h" />
    <ClInclude Include="PX\Engine\PXLobby.h" />
    <ClInclude Include="PX\Engine\PXMod.h" />
    <ClInclude Include="PX\Engine\PXPlayer.h" />
    <ClInclude Include="PX\Graph\BoxPlot\PXBoxPlot.h" />
    <ClInclude Include="PX\Graph\Timeline\PXTimeline.h" />
    <ClInclude Include="PX\Language\PXTranslator.h" />
    <ClInclude Include="PX\Math\PXCollision.h" />
    <ClInclude Include="PX\Math\PXMath.h" />
    <ClInclude Include="PX\Math\PXMatrix.h" />
    <ClInclude Include="PX\Math\PXPhysic.h" />
    <ClInclude Include="PX\Math\PXVector.h" />
    <ClInclude Include="PX\Media\AAC\PXAAC.h" />
    <ClInclude Include="PX\Media\ADAM7\PXADAM7.h" />
    <ClInclude Include="PX\Media\ADLER\PXAdler32.h" />
    <ClInclude Include="PX\Media\Autodesk3DS\PXAutodesk3DS.h" />
    <ClInclude Include="PX\Media\AVI\PXAVI.h" />
    <ClInclude Include="PX\Media\BinaryLinux\PXBinaryLinux.h" />
    <ClInclude Include="PX\Media\BinaryWindows\PXBinaryWindows.h" />
    <ClInclude Include="PX\Media\Bitmap\PXBitmap.h" />
    <ClInclude Include="PX\Media\C\PXC.h" />
    <ClInclude Include="PX\Media\CanonRaw3\PXCanonRaw3.h" />
    <ClInclude Include="PX\Media\COFF\PXCOFF.h" />
    <ClInclude Include="PX\Media\CPP\PXCPP.h" />
    <ClInclude Include="PX\Media\CRC32\PXCRC32.h" />
    <ClInclude Include="PX\Media\CSharp\PXCSharp.h" />
    <ClInclude Include="PX\Media\CSS\PXCSS.h" />
    <ClInclude Include="PX\Media\DDS\PXDDS.h" />
    <ClInclude Include="PX\Media\DEFLATE\PXDEFLATE.h" />
    <ClInclude Include="PX\Media\Email\PXEmail.h" />
    <ClInclude Include="PX\Media\FastFile\PXFastFile.h" />
    <ClInclude Include="PX\Media\FilmBox\PXFilmBox.h" />
    <ClInclude Include="PX\Media\FLAC\PXFLAC.h" />
    <ClInclude Include="PX\Media\FMT\PXFMT.h" />
    <ClInclude Include="PX\Media\FTP\PXFTP.h" />
    <ClInclude Include="PX\Media\GIF\PXGIF.h" />
    <ClInclude Include="PX\Media\GLSL\PXGLSL.h" />
    <ClInclude Include="PX\Media\HEIF\PXHEIF.h" />
    <ClInclude Include="PX\Media\HLSL\PXHLSL.h" />
    <ClInclude Include="PX\Media\HTML\PXHTML.h" />
    <ClInclude Include="PX\Media\HTTP\PXHTTP.h" />
    <ClInclude Include="PX\Media\Huffman\PXHuffman.h" />
    <ClInclude Include="PX\Media\ID3\PXID3.h" />
    <ClInclude Include="PX\Media\INI\PXINI.h" />
    <ClInclude Include="PX\Media\IP\PXIP.h" />
    <ClInclude Include="PX\Media\ISBN\PXISBN.h" />
    <ClInclude Include="PX\Media\Java\PXJava.h" />
    <ClInclude Include="PX\Media\JavaScript\PXJavaScript.h" />
    <ClInclude Include="PX\Media\JPEG\PXJPEG.h" />
    <ClInclude Include="PX\Media\JSON\PXJSON.h" />
    <ClInclude Include="PX\Media\LAME\PXLAME.h" />
    <ClInclude Include="PX\Media\LDAP\PXLDAP.h" />
    <ClInclude Include="PX\Media\Lua\PXLua.h" />
    <ClInclude Include="PX\Media\LZ77\PXLZ77.h" />
    <ClInclude Include="PX\Media\M4V\PXM4V.h" />
    <ClInclude Include="PX\Media\Markdown\PXMarkdown.h" />
    <ClInclude Include="PX\Media\Matroska\PXMatroska.h" />
    <ClInclude Include="PX\Media\MD5\PXMD5.h" />
    <ClInclude Include="PX\Media\MIDI\PXMIDI.h" />
    <ClInclude Include="PX\Media\MIPS\PXMIPS.h" />
    <ClInclude Include="PX\Media\MP3\PXMP3.h" />
    <ClInclude Include="PX\Media\MP4\PXMP4.h" />
    <ClInclude Include="PX\Media\MSI\PXMSI.h" />
    <ClInclude Include="PX\Media\MTL\PXMTL.h" />
    <ClInclude Include="PX\Media\N64\PXN64.h" />
    <ClInclude Include="PX\Media\OGG\PXOGG.h" />
    <ClInclude Include="PX\Media\Pascal\PXPascal.h" />
    <ClInclude Include="PX\Media\PDF\PXPDF.h" />
    <ClInclude Include="PX\Media\PHP\PXPHP.h" />
    <ClInclude Include="PX\Media\PLY\PXPLY.h" />
    <ClInclude Include="PX\Media\PNG\PXPNG.h" />
    <ClInclude Include="PX\Media\PowerPC\PXPowerPC.h" />
    <ClInclude Include="PX\Media\PXLevel\PXLevel.h" />
    <ClInclude Include="PX\Media\QOI\PXQOI.h" />
    <ClInclude Include="PX\Media\RAR\PXRAR.h" />
    <ClInclude Include="PX\Media\RIFF\PXRIFF.h" />
    <ClInclude Include="PX\Media\RSA\PXRSA.h" />
    <ClInclude Include="PX\Media\Salsa20\PXSalsa20.h" />
    <ClInclude Include="PX\Media\SHA\PXSHA.h" />
    <ClInclude Include="PX\Media\SpriteFont\PXSpriteFont.h" />
    <ClInclude Include="PX\Media\SQL\PXSQL.h" />
    <ClInclude Include="PX\Media\STEP\PXSTEP.h" />
    <ClInclude Include="PX\Media\STL\PXSTL.h" />
    <ClInclude Include="PX\Media\SVG\PXSVG.h" />
    <ClInclude Include="PX\Media\TAR\PXTAR.h" />
    <ClInclude Include="PX\Media\TGA\PXTGA.h" />
    <ClInclude Include="PX\Media\TIFF\PXTIFF.h" />
    <ClInclude Include="PX\Media\TTF\PXTTF.h" />
    <ClInclude Include="PX\Media\USD\PXUSD.h" />
    <ClInclude Include="PX\Media\UUID\PXUUID.h" />
    <ClInclude Include="PX\Media\VOB\PXVOB.h" />
    <ClInclude Include="PX\Media\VRML\PXVRML.h" />
    <ClInclude Include="PX\Media\Wave\PXWave.h" />
    <ClInclude Include="PX\Media\Wavefront\PXWavefront.h" />
    <ClInclude Include="PX\Media\WEBM\PXWEBM.h" />
    <ClInclude Include="PX\Media\WEBP\PXWEBP.h" />
    <ClInclude Include="PX\Media\WMA\PXWMA.h" />
    <ClInclude Include="PX\Media\X86\PXX86.h" />
    <ClInclude Include="PX\Media\XingInfo\PXXingInfo.h" />
    <ClInclude Include="PX\Media\XML\PXXML.h" />
    <ClInclude Include="PX\Media\YAML\PXYAML.h" />
    <ClInclude Include="PX\Media\ZIP\PXZIP.h" />
    <ClInclude Include="PX\Media\ZLIB\PXZLIB.h" />
    <ClInclude Include="PX\Media\PXColor.h" />
    <ClInclude Include="PX\Media\PXDocument.h" />
    <ClInclude Include="PX\Media\PXImage.h" />
    <ClInclude Include="PX\Media\PXResource.h" />
    <ClInclude Include="PX\Media\PXText.h" />
    <ClInclude Include="PX\Media\PXType.h" />
    <ClInclude Include="PX\Media\PXUltimaInfo.h" />
    <ClInclude Include="PX\OS\AI\PXAI.h" />
    <ClInclude Include="PX\OS\Async\PXAwait.h" />
    <ClInclude Include="PX\OS\Async\PXLock.h" />
    <ClInclude Include="PX\OS\Async\PXProcess.h" />
    <ClInclude Include="PX\OS\Async\PXProgram.h" />
    <ClInclude Include="PX\OS\Async\PXThread.h" />
    <ClInclude Include="PX\OS\Async\PXThreadPool.h" />
    <ClInclude Include="PX\OS\Audio\PXALSA\PXALSA.h" />
    <ClInclude Include="PX\OS\Audio\PXAudioMIDI\PXAudioMIDI.h" />
    <ClInclude Include="PX\OS\Audio\PXDirectSound\PXDirectSound.h" />
    <ClInclude Include="PX\OS\Audio\PXIAudio\PXIAudio.h" />
    <ClInclude Include="PX\OS\Audio\PXMultiMedia\PXMultiMedia.h" />
    <ClInclude Include="PX\OS\Audio\PXXAudio\PXXAudio.h" />
    <ClInclude Include="PX\OS\Audio\PXAudio.h" />
    <ClInclude Include="PX\OS\Bash\PXBash.h" />
    <ClInclude Include="PX\OS\ClipBoard\PXClipBoard.h" />
    <ClInclude Include="PX\OS\Console\PXConsole.h" />
    <ClInclude Include="PX\OS\DataBase\PXDataBase.h" />
    <ClInclude Include="PX\OS\Debug\PXDebug.h" />
    <ClInclude Include="PX\OS\Dialog\PXDialog.h" />
    <ClInclude Include="PX\OS\Error\PXActionResult.h" />
    <ClInclude Include="PX\OS\File\PXDirectory.h" />
    <ClInclude Include="PX\OS\File\PXFile.h" />
    <ClInclude Include="PX\OS\Graphic\DirectX\PXDirectX.h" />
    <ClInclude Include="PX\OS\Graphic\DirectX\PXDirectX9.h" />
    <ClInclude Include="PX\OS\Graphic\DirectX\PXDirectX10.h" />
    <ClInclude Include="PX\OS\Graphic\DirectX\PXDirectX10x1.h" />
    <ClInclude Include="PX\OS\Graphic\DirectX\PXDirectX11.h" />
    <ClInclude Include="PX\OS\Graphic\DirectX\PXDirectX12.h" />
    <ClInclude Include="PX\OS\Graphic\NativDraw\PXNativDraw.h" />
    <ClInclude Include="PX\OS\Graphic\OpenGL\PXOpenGL.h" />
    <ClInclude Include="PX\OS\Graphic\SoftwareRender\PXSoftwareRender.h" />
    <ClInclude Include="PX\OS\Graphic\Vulcan\PXVulcan.h" />
    <ClInclude Include="PX\OS\Graphic\PXGraphic.h" />
    <ClInclude Include="PX\OS\GUI\PXGUI.h" />
    <ClInclude Include="PX\OS\Hardware\PXController.h" />
    <ClInclude Include="PX\OS\Hardware\PXHardDrive.h" />
    <ClInclude Include="PX\OS\Hardware\PXHardware.h" />
    <ClInclude Include="PX\OS\Hardware\PXKeyBoard.h" />
    <ClInclude Include="PX\OS\Hardware\PXMouse.h" />
    <ClInclude Include="PX\OS\Hardware\PXProcessor.h" />
    <ClInclude Include="PX\OS\Hardware\PXVideo.h" />
    <ClInclude Include="PX\OS\Library\PXLibrary.h" />
    <ClInclude Include="PX\OS\Memory\PXMemory.h" />
    <ClInclude Include="PX\OS\Network\PXClient.h" />
    <ClInclude Include="PX\OS\Network\PXDNS.h" />
    <ClInclude Include="PX\OS\Network\PXNetwork.h" />
    <ClInclude Include="PX\OS\Network\PXServer.h" />
    <ClInclude Include="PX\OS\Network\PXSocket.h" />
    <ClInclude Include="PX\OS\Signal\PXSignal.h" />
    <ClInclude Include="PX\OS\System\Driver\PXDriver.h" />
    <ClInclude Include="PX\OS\System\EventHistory\PXEventHistory.h" />
    <ClInclude Include="PX\OS\System\FireWall\PXFireWall.h" />
    <ClInclude Include="PX\OS\System\Registry\PXRegistry.h" />
    <ClInclude Include="PX\OS\System\Version\PXOSVersion.h" />
    <ClInclude Include="PX\OS\System\PXWindows.h" />
    <ClInclude Include="PX\OS\Time\PXStopWatch.h" />
    <ClInclude Include="PX\OS\Time\PXTime.h" />
    <ClInclude Include="PX\OS\User\PXUser.h" />
    <ClInclude Include="PX\Service\FTP\PXFTPClient.h" />
    <ClInclude Include="PX\Service\FTP\PXFTPServer.h" />
    <ClInclude Include="PX\Service\HTTP\PXHTTPClient.h" />
    <ClInclude Include="PX\Service\HTTP\PXHTTPServer.h" />
    <ClInclude Include="PX\Service\LDAP\PXLDAPClient.h" />
    <ClInclude Include="PX\Service\SBP\PXSBP.h" />
    <ClInclude Include="PX\Media\LZ4\PXLZ4.h" />
  </ItemGroup>
</Project>