<?xml version="1.0" encoding="utf-8"?>
<Project ToolsVersion="4.0" xmlns="http://schemas.microsoft.com/developer/msbuild/2003">
  <ItemGroup>
    <Filter Include="Quelldateien">
      <UniqueIdentifier>{4FC737F1-C7A5-4376-A066-2A32D752A2FF}</UniqueIdentifier>
      <Extensions>cpp;c;cc;cxx;c++;cppm;ixx;def;odl;idl;hpj;bat;asm;asmx</Extensions>
    </Filter>
    <Filter Include="Headerdateien">
      <UniqueIdentifier>{93995380-89BD-4b04-88EB-625FBE52EBFB}</UniqueIdentifier>
      <Extensions>h;hh;hpp;hxx;h++;hm;inl;inc;ipp;xsd</Extensions>
    </Filter>
    <Filter Include="Ressourcendateien">
      <UniqueIdentifier>{67DA6AB6-F800-4c08-8B7A-83BB121AAD01}</UniqueIdentifier>
      <Extensions>rc;ico;cur;bmp;dlg;rc2;rct;bin;rgs;gif;jpg;jpeg;jpe;resx;tiff;tif;png;wav;mfcribbon-ms</Extensions>
    </Filter>
  </ItemGroup>
  <ItemGroup>
    <ClCompile Include="Algorithm\Dijkstra\PXDijkstra.c">
      <Filter>Quelldateien</Filter>
    </ClCompile>
    <ClCompile Include="Algorithm\KalmanFilter\PXKalmanFilter.c">
      <Filter>Quelldateien</Filter>
    </ClCompile>
    <ClCompile Include="Compiler\PXCompiler.c">
      <Filter>Quelldateien</Filter>
    </ClCompile>
    <ClCompile Include="Compiler\PXCompilerSettings.c">
      <Filter>Quelldateien</Filter>
    </ClCompile>
    <ClCompile Include="Container\BinaryTree\PXBinaryTree.c">
      <Filter>Quelldateien</Filter>
    </ClCompile>
    <ClCompile Include="Container\Dictionary\PXDictionary.c">
      <Filter>Quelldateien</Filter>
    </ClCompile>
    <ClCompile Include="Container\LinkedList\PXLinkedList.c">
      <Filter>Quelldateien</Filter>
    </ClCompile>
    <ClCompile Include="Container\List\PXList.c">
      <Filter>Quelldateien</Filter>
    </ClCompile>
    <ClCompile Include="Container\QuadTree\PXQuadTree.c">
      <Filter>Quelldateien</Filter>
    </ClCompile>
    <ClCompile Include="Container\Queue\PXQueue.c">
      <Filter>Quelldateien</Filter>
    </ClCompile>
    <ClCompile Include="Container\RingBuffer\PXRingBuffer.c">
      <Filter>Quelldateien</Filter>
    </ClCompile>
    <ClCompile Include="DataBase\PXDataBase.c">
      <Filter>Quelldateien</Filter>
    </ClCompile>
    <ClCompile Include="OS\Hardware\PXController.c">
      <Filter>Quelldateien</Filter>
    </ClCompile>
    <ClCompile Include="OS\Hardware\PXKeyBoard.c">
      <Filter>Quelldateien</Filter>
    </ClCompile>
    <ClCompile Include="OS\Hardware\PXMouse.c">
      <Filter>Quelldateien</Filter>
    </ClCompile>
    <ClCompile Include="OS\Async\PXEvent.c">
      <Filter>Quelldateien</Filter>
    </ClCompile>
    <ClCompile Include="Graphic\SoftwareRender\PXSoftwareRender.c">
      <Filter>Quelldateien</Filter>
    </ClCompile>
    <ClCompile Include="Graphic\PXCamera.c">
      <Filter>Quelldateien</Filter>
    </ClCompile>
    <ClCompile Include="OS\Graphic\PXGraphic.c">
      <Filter>Quelldateien</Filter>
    </ClCompile>
    <ClCompile Include="Language\PXTranslator.c">
      <Filter>Quelldateien</Filter>
    </ClCompile>
    <ClCompile Include="Log\PXLog.c">
      <Filter>Quelldateien</Filter>
    </ClCompile>
    <ClCompile Include="Math\PXCollision.c">
      <Filter>Quelldateien</Filter>
    </ClCompile>
    <ClCompile Include="Math\PXDiagram.c">
      <Filter>Quelldateien</Filter>
    </ClCompile>
    <ClCompile Include="Math\PXMath.c">
      <Filter>Quelldateien</Filter>
    </ClCompile>
    <ClCompile Include="Math\PXMatrix.c">
      <Filter>Quelldateien</Filter>
    </ClCompile>
    <ClCompile Include="Math\PXPhysic.c">
      <Filter>Quelldateien</Filter>
    </ClCompile>
    <ClCompile Include="Math\PXVector.c">
      <Filter>Quelldateien</Filter>
    </ClCompile>
    <ClCompile Include="Media\3DS\PX3DS.c">
      <Filter>Quelldateien</Filter>
    </ClCompile>
    <ClCompile Include="Media\AAC\PXAAC.c">
      <Filter>Quelldateien</Filter>
    </ClCompile>
    <ClCompile Include="Media\ADAM7\PXADAM7.c">
      <Filter>Quelldateien</Filter>
    </ClCompile>
    <ClCompile Include="Media\ADLER\PXAdler32.c">
      <Filter>Quelldateien</Filter>
    </ClCompile>
    <ClCompile Include="Media\AVI\PXAVI.c">
      <Filter>Quelldateien</Filter>
    </ClCompile>
    <ClCompile Include="Media\Bitmap\PXBitmap.c">
      <Filter>Quelldateien</Filter>
    </ClCompile>
    <ClCompile Include="Media\C\PXC.c">
      <Filter>Quelldateien</Filter>
    </ClCompile>
    <ClCompile Include="Media\CPP\PXCPP.c">
      <Filter>Quelldateien</Filter>
    </ClCompile>
    <ClCompile Include="Media\CRC32\PXCRC32.c">
      <Filter>Quelldateien</Filter>
    </ClCompile>
    <ClCompile Include="Media\CS\PXCS.c">
      <Filter>Quelldateien</Filter>
    </ClCompile>
    <ClCompile Include="Media\CSS\PXCSS.c">
      <Filter>Quelldateien</Filter>
    </ClCompile>
    <ClCompile Include="Media\DEFLATE\PXDEFLATE.c">
      <Filter>Quelldateien</Filter>
    </ClCompile>
    <ClCompile Include="Media\DLL\PXDLL.c">
      <Filter>Quelldateien</Filter>
    </ClCompile>
    <ClCompile Include="Media\ELF\PXELF.c">
      <Filter>Quelldateien</Filter>
    </ClCompile>
    <ClCompile Include="Media\Email\PXEmail.c">
      <Filter>Quelldateien</Filter>
    </ClCompile>
    <ClCompile Include="Media\EXE\PXEXE.c">
      <Filter>Quelldateien</Filter>
    </ClCompile>
    <ClCompile Include="Media\FilmBox\PXFilmBox.c">
      <Filter>Quelldateien</Filter>
    </ClCompile>
    <ClCompile Include="Media\FLAC\PXFLAC.c">
      <Filter>Quelldateien</Filter>
    </ClCompile>
    <ClCompile Include="Media\FMT\PXFMT.c">
      <Filter>Quelldateien</Filter>
    </ClCompile>
    <ClCompile Include="Media\FTP\PXFTP.c">
      <Filter>Quelldateien</Filter>
    </ClCompile>
    <ClCompile Include="Media\GIF\PXGIF.c">
      <Filter>Quelldateien</Filter>
    </ClCompile>
    <ClCompile Include="Media\HTML\PXHTML.c">
      <Filter>Quelldateien</Filter>
    </ClCompile>
    <ClCompile Include="Media\HTTP\PXHTTP.c">
      <Filter>Quelldateien</Filter>
    </ClCompile>
    <ClCompile Include="Media\Huffman\PXHuffman.c">
      <Filter>Quelldateien</Filter>
    </ClCompile>
    <ClCompile Include="Media\ID3\PXID3.c">
      <Filter>Quelldateien</Filter>
    </ClCompile>
    <ClCompile Include="Media\INI\PXINI.c">
      <Filter>Quelldateien</Filter>
    </ClCompile>
    <ClCompile Include="Media\IP\PXIP.c">
      <Filter>Quelldateien</Filter>
    </ClCompile>
    <ClCompile Include="Media\ISBN\PXISBN.c">
      <Filter>Quelldateien</Filter>
    </ClCompile>
    <ClCompile Include="Media\JPEG\PXJPEG.c">
      <Filter>Quelldateien</Filter>
    </ClCompile>
    <ClCompile Include="Media\JSON\PXJSON.c">
      <Filter>Quelldateien</Filter>
    </ClCompile>
    <ClCompile Include="Media\LAME\PXLAME.c">
      <Filter>Quelldateien</Filter>
    </ClCompile>
    <ClCompile Include="Media\LZ77\PXLZ77.c">
      <Filter>Quelldateien</Filter>
    </ClCompile>
    <ClCompile Include="Media\M4A\PXM4A.c">
      <Filter>Quelldateien</Filter>
    </ClCompile>
    <ClCompile Include="Media\MD5\PXMD5.c">
      <Filter>Quelldateien</Filter>
    </ClCompile>
    <ClCompile Include="Media\MIDI\PXMIDI.c">
      <Filter>Quelldateien</Filter>
    </ClCompile>
    <ClCompile Include="Media\MP3\PXMP3.c">
      <Filter>Quelldateien</Filter>
    </ClCompile>
    <ClCompile Include="Media\MP4\PXMP4.c">
      <Filter>Quelldateien</Filter>
    </ClCompile>
    <ClCompile Include="Media\MSI\PXMSI.c">
      <Filter>Quelldateien</Filter>
    </ClCompile>
    <ClCompile Include="Media\MTL\PXMTL.c">
      <Filter>Quelldateien</Filter>
    </ClCompile>
    <ClCompile Include="Media\OGG\PXOGG.c">
      <Filter>Quelldateien</Filter>
    </ClCompile>
    <ClCompile Include="Media\PDF\PXPDF.c">
      <Filter>Quelldateien</Filter>
    </ClCompile>
    <ClCompile Include="Media\PHP\PXPHP.c">
      <Filter>Quelldateien</Filter>
    </ClCompile>
    <ClCompile Include="Media\PLY\PXPLY.c">
      <Filter>Quelldateien</Filter>
    </ClCompile>
    <ClCompile Include="Media\PNG\PXPNG.c">
      <Filter>Quelldateien</Filter>
    </ClCompile>
    <ClCompile Include="Media\QOI\PXQOI.c">
      <Filter>Quelldateien</Filter>
    </ClCompile>
    <ClCompile Include="Media\RIFF\PXRIFF.c">
      <Filter>Quelldateien</Filter>
    </ClCompile>
    <ClCompile Include="Media\RSA\PXRSA.c">
      <Filter>Quelldateien</Filter>
    </ClCompile>
    <ClCompile Include="Media\SHA\PXSHA.c">
      <Filter>Quelldateien</Filter>
    </ClCompile>
    <ClCompile Include="Media\SpriteFont\PXSpriteFont.c">
      <Filter>Quelldateien</Filter>
    </ClCompile>
    <ClCompile Include="Media\STEP\PXSTEP.c">
      <Filter>Quelldateien</Filter>
    </ClCompile>
    <ClCompile Include="Media\STL\PXSTL.c">
      <Filter>Quelldateien</Filter>
    </ClCompile>
    <ClCompile Include="Media\SVG\PXSVG.c">
      <Filter>Quelldateien</Filter>
    </ClCompile>
    <ClCompile Include="Media\TGA\PXTGA.c">
      <Filter>Quelldateien</Filter>
    </ClCompile>
    <ClCompile Include="Media\TIFF\PXTIFF.c">
      <Filter>Quelldateien</Filter>
    </ClCompile>
    <ClCompile Include="Media\TTF\PXTTF.c">
      <Filter>Quelldateien</Filter>
    </ClCompile>
    <ClCompile Include="Media\UUID\PXUUID.c">
      <Filter>Quelldateien</Filter>
    </ClCompile>
    <ClCompile Include="Media\VRML\PXVRML.c">
      <Filter>Quelldateien</Filter>
    </ClCompile>
    <ClCompile Include="Media\WAV\PXWAV.c">
      <Filter>Quelldateien</Filter>
    </ClCompile>
    <ClCompile Include="Media\Wavefront\PXWavefront.c">
      <Filter>Quelldateien</Filter>
    </ClCompile>
    <ClCompile Include="Media\WEBM\PXWEBM.c">
      <Filter>Quelldateien</Filter>
    </ClCompile>
    <ClCompile Include="Media\WEBP\PXWEBP.c">
      <Filter>Quelldateien</Filter>
    </ClCompile>
    <ClCompile Include="Media\WMA\PXWMA.c">
      <Filter>Quelldateien</Filter>
    </ClCompile>
    <ClCompile Include="Media\XingInfo\PXXingInfo.c">
      <Filter>Quelldateien</Filter>
    </ClCompile>
    <ClCompile Include="Media\XML\PXXML.c">
      <Filter>Quelldateien</Filter>
    </ClCompile>
    <ClCompile Include="Media\YAML\PXYAML.c">
      <Filter>Quelldateien</Filter>
    </ClCompile>
    <ClCompile Include="Media\ZLIB\PXZLIB.c">
      <Filter>Quelldateien</Filter>
    </ClCompile>
    <ClCompile Include="Media\PXColor.c">
      <Filter>Quelldateien</Filter>
    </ClCompile>
    <ClCompile Include="Media\PXImage.c">
      <Filter>Quelldateien</Filter>
    </ClCompile>
    <ClCompile Include="Media\PXText.c">
      <Filter>Quelldateien</Filter>
    </ClCompile>
    <ClCompile Include="Media\PXType.c">
      <Filter>Quelldateien</Filter>
    </ClCompile>
    <ClCompile Include="Media\PXUltimaInfo.c">
      <Filter>Quelldateien</Filter>
    </ClCompile>
    <ClCompile Include="OS\Audio\PXAudio.c">
      <Filter>Quelldateien</Filter>
    </ClCompile>
    <ClCompile Include="OS\Bash\PXBash.c">
      <Filter>Quelldateien</Filter>
    </ClCompile>
    <ClCompile Include="OS\ClipBoard\PXClipBoard.c">
      <Filter>Quelldateien</Filter>
    </ClCompile>
    <ClCompile Include="OS\Debug\PXDebug.c">
      <Filter>Quelldateien</Filter>
    </ClCompile>
    <ClCompile Include="OS\Dialog\PXDialog.c">
      <Filter>Quelldateien</Filter>
    </ClCompile>
    <ClCompile Include="OS\Error\PXActionResult.c">
      <Filter>Quelldateien</Filter>
    </ClCompile>
    <ClCompile Include="OS\File\PXDirectory.c">
      <Filter>Quelldateien</Filter>
    </ClCompile>
    <ClCompile Include="OS\File\PXFile.c">
      <Filter>Quelldateien</Filter>
    </ClCompile>
    <ClCompile Include="OS\Graphic\DirectX\PXDirectX.c">
      <Filter>Quelldateien</Filter>
    </ClCompile>
    <ClCompile Include="OS\Graphic\OpenGL\PXOpenGL.c">
      <Filter>Quelldateien</Filter>
    </ClCompile>
    <ClCompile Include="OS\Graphic\Vulcan\PXVulcan.c">
      <Filter>Quelldateien</Filter>
    </ClCompile>
    <ClCompile Include="OS\Hardware\PXHardDrive.c">
      <Filter>Quelldateien</Filter>
    </ClCompile>
    <ClCompile Include="OS\Library\PXLibrary.c">
      <Filter>Quelldateien</Filter>
    </ClCompile>
    <ClCompile Include="OS\Memory\PXMemory.c">
      <Filter>Quelldateien</Filter>
    </ClCompile>
    <ClCompile Include="OS\Hardware\PXMonitor.c">
      <Filter>Quelldateien</Filter>
    </ClCompile>
    <ClCompile Include="OS\Network\PXClient.c">
      <Filter>Quelldateien</Filter>
    </ClCompile>
    <ClCompile Include="OS\Network\PXServer.c">
      <Filter>Quelldateien</Filter>
    </ClCompile>
    <ClCompile Include="OS\Network\PXSocket.c">
      <Filter>Quelldateien</Filter>
    </ClCompile>
    <ClCompile Include="OS\Async\PXProcess.c">
      <Filter>Quelldateien</Filter>
    </ClCompile>
    <ClCompile Include="OS\Hardware\PXProcessor.c">
      <Filter>Quelldateien</Filter>
    </ClCompile>
    <ClCompile Include="OS\Async\PXProgram.c">
      <Filter>Quelldateien</Filter>
    </ClCompile>
    <ClCompile Include="OS\Signal\PXSignal.c">
      <Filter>Quelldateien</Filter>
    </ClCompile>
    <ClCompile Include="OS\System\PXRegistry.c">
      <Filter>Quelldateien</Filter>
    </ClCompile>
    <ClCompile Include="OS\Async\PXAwait.c">
      <Filter>Quelldateien</Filter>
    </ClCompile>
    <ClCompile Include="OS\Async\PXLock.c">
      <Filter>Quelldateien</Filter>
    </ClCompile>
    <ClCompile Include="OS\Async\PXThread.c">
      <Filter>Quelldateien</Filter>
    </ClCompile>
    <ClCompile Include="OS\Time\PXStopWatch.c">
      <Filter>Quelldateien</Filter>
    </ClCompile>
    <ClCompile Include="OS\Time\PXTime.c">
      <Filter>Quelldateien</Filter>
    </ClCompile>
    <ClCompile Include="OS\UI\PXUI.c">
      <Filter>Quelldateien</Filter>
    </ClCompile>
    <ClCompile Include="OS\User\PXUser.c">
      <Filter>Quelldateien</Filter>
    </ClCompile>
    <ClCompile Include="OS\Window\PXWindow.c">
      <Filter>Quelldateien</Filter>
    </ClCompile>
    <ClCompile Include="Container\Buffer\PXBuffer.c">
      <Filter>Quelldateien</Filter>
    </ClCompile>
    <ClCompile Include="Service\FTP\PXFTPClient.c">
      <Filter>Quelldateien</Filter>
    </ClCompile>
    <ClCompile Include="Service\HTTP\PXHTTPClient.c">
      <Filter>Quelldateien</Filter>
    </ClCompile>
    <ClCompile Include="Service\LDAP\PXLDAPClient.c">
      <Filter>Quelldateien</Filter>
    </ClCompile>
    <ClCompile Include="Service\SBP\PXSBP.c">
      <Filter>Quelldateien</Filter>
    </ClCompile>
    <ClCompile Include="Service\HTTP\PXHTTPServer.c">
      <Filter>Quelldateien</Filter>
    </ClCompile>
    <ClCompile Include="Service\FTP\PXFTPServer.c">
      <Filter>Quelldateien</Filter>
    </ClCompile>
    <ClCompile Include="Media\PXResource.c">
      <Filter>Quelldateien</Filter>
    </ClCompile>
  </ItemGroup>
  <ItemGroup>
    <ClInclude Include="Algorithm\Dijkstra\PXDijkstra.h">
      <Filter>Headerdateien</Filter>
    </ClInclude>
    <ClInclude Include="Algorithm\KalmanFilter\PXKalmanFilter.h">
      <Filter>Headerdateien</Filter>
    </ClInclude>
    <ClInclude Include="Compiler\PXCompiler.h">
      <Filter>Headerdateien</Filter>
    </ClInclude>
    <ClInclude Include="Compiler\PXCompilerSettings.h">
      <Filter>Headerdateien</Filter>
    </ClInclude>
    <ClInclude Include="Container\BinaryTree\PXBinaryTree.h">
      <Filter>Headerdateien</Filter>
    </ClInclude>
    <ClInclude Include="Container\Dictionary\PXDictionary.h">
      <Filter>Headerdateien</Filter>
    </ClInclude>
    <ClInclude Include="Container\LinkedList\PXLinkedList.h">
      <Filter>Headerdateien</Filter>
    </ClInclude>
    <ClInclude Include="Container\List\PXList.h">
      <Filter>Headerdateien</Filter>
    </ClInclude>
    <ClInclude Include="Container\QuadTree\PXQuadTree.h">
      <Filter>Headerdateien</Filter>
    </ClInclude>
    <ClInclude Include="Container\Queue\PXQueue.h">
      <Filter>Headerdateien</Filter>
    </ClInclude>
    <ClInclude Include="Container\RingBuffer\PXRingBuffer.h">
      <Filter>Headerdateien</Filter>
    </ClInclude>
    <ClInclude Include="DataBase\PXDataBase.h">
      <Filter>Headerdateien</Filter>
    </ClInclude>
    <ClInclude Include="OS\Hardware\PXController.h">
      <Filter>Headerdateien</Filter>
    </ClInclude>
    <ClInclude Include="OS\Hardware\PXKeyBoard.h">
      <Filter>Headerdateien</Filter>
    </ClInclude>
    <ClInclude Include="OS\Hardware\PXMouse.h">
      <Filter>Headerdateien</Filter>
    </ClInclude>
    <ClInclude Include="OS\Async\PXEvent.h">
      <Filter>Headerdateien</Filter>
    </ClInclude>
    <ClInclude Include="Graphic\SoftwareRender\PXSoftwareRender.h">
      <Filter>Headerdateien</Filter>
    </ClInclude>
    <ClInclude Include="Graphic\PXCamera.h">
      <Filter>Headerdateien</Filter>
    </ClInclude>
    <ClInclude Include="OS\Graphic\PXGraphic.h">
      <Filter>Headerdateien</Filter>
    </ClInclude>
    <ClInclude Include="Language\PXTranslator.h">
      <Filter>Headerdateien</Filter>
    </ClInclude>
    <ClInclude Include="Log\PXLog.h">
      <Filter>Headerdateien</Filter>
    </ClInclude>
    <ClInclude Include="Math\PXCollision.h">
      <Filter>Headerdateien</Filter>
    </ClInclude>
    <ClInclude Include="Math\PXDiagram.h">
      <Filter>Headerdateien</Filter>
    </ClInclude>
    <ClInclude Include="Math\PXMath.h">
      <Filter>Headerdateien</Filter>
    </ClInclude>
    <ClInclude Include="Math\PXMatrix.h">
      <Filter>Headerdateien</Filter>
    </ClInclude>
    <ClInclude Include="Math\PXPhysic.h">
      <Filter>Headerdateien</Filter>
    </ClInclude>
    <ClInclude Include="Math\PXVector.h">
      <Filter>Headerdateien</Filter>
    </ClInclude>
    <ClInclude Include="Media\3DS\PX3DS.h">
      <Filter>Headerdateien</Filter>
    </ClInclude>
    <ClInclude Include="Media\AAC\PXAAC.h">
      <Filter>Headerdateien</Filter>
    </ClInclude>
    <ClInclude Include="Media\ADAM7\PXADAM7.h">
      <Filter>Headerdateien</Filter>
    </ClInclude>
    <ClInclude Include="Media\ADLER\PXAdler32.h">
      <Filter>Headerdateien</Filter>
    </ClInclude>
    <ClInclude Include="Media\AVI\PXAVI.h">
      <Filter>Headerdateien</Filter>
    </ClInclude>
    <ClInclude Include="Media\Bitmap\PXBitmap.h">
      <Filter>Headerdateien</Filter>
    </ClInclude>
    <ClInclude Include="Media\C\PXC.h">
      <Filter>Headerdateien</Filter>
    </ClInclude>
    <ClInclude Include="Media\CPP\PXCPP.h">
      <Filter>Headerdateien</Filter>
    </ClInclude>
    <ClInclude Include="Media\CRC32\PXCRC32.h">
      <Filter>Headerdateien</Filter>
    </ClInclude>
    <ClInclude Include="Media\CS\PXCS.h">
      <Filter>Headerdateien</Filter>
    </ClInclude>
    <ClInclude Include="Media\CSS\PXCSS.h">
      <Filter>Headerdateien</Filter>
    </ClInclude>
    <ClInclude Include="Media\DEFLATE\PXDEFLATE.h">
      <Filter>Headerdateien</Filter>
    </ClInclude>
    <ClInclude Include="Media\DLL\PXDLL.h">
      <Filter>Headerdateien</Filter>
    </ClInclude>
    <ClInclude Include="Media\ELF\PXELF.h">
      <Filter>Headerdateien</Filter>
    </ClInclude>
    <ClInclude Include="Media\Email\PXEmail.h">
      <Filter>Headerdateien</Filter>
    </ClInclude>
    <ClInclude Include="Media\EXE\PXEXE.h">
      <Filter>Headerdateien</Filter>
    </ClInclude>
    <ClInclude Include="Media\FilmBox\PXFilmBox.h">
      <Filter>Headerdateien</Filter>
    </ClInclude>
    <ClInclude Include="Media\FLAC\PXFLAC.h">
      <Filter>Headerdateien</Filter>
    </ClInclude>
    <ClInclude Include="Media\FMT\PXFMT.h">
      <Filter>Headerdateien</Filter>
    </ClInclude>
    <ClInclude Include="Media\FTP\PXFTP.h">
      <Filter>Headerdateien</Filter>
    </ClInclude>
    <ClInclude Include="Media\GIF\PXGIF.h">
      <Filter>Headerdateien</Filter>
    </ClInclude>
    <ClInclude Include="Media\HTML\PXHTML.h">
      <Filter>Headerdateien</Filter>
    </ClInclude>
    <ClInclude Include="Media\HTTP\PXHTTP.h">
      <Filter>Headerdateien</Filter>
    </ClInclude>
    <ClInclude Include="Media\Huffman\PXHuffman.h">
      <Filter>Headerdateien</Filter>
    </ClInclude>
    <ClInclude Include="Media\ID3\PXID3.h">
      <Filter>Headerdateien</Filter>
    </ClInclude>
    <ClInclude Include="Media\INI\PXINI.h">
      <Filter>Headerdateien</Filter>
    </ClInclude>
    <ClInclude Include="Media\IP\PXIP.h">
      <Filter>Headerdateien</Filter>
    </ClInclude>
    <ClInclude Include="Media\ISBN\PXISBN.h">
      <Filter>Headerdateien</Filter>
    </ClInclude>
    <ClInclude Include="Media\JPEG\PXJPEG.h">
      <Filter>Headerdateien</Filter>
    </ClInclude>
    <ClInclude Include="Media\JSON\PXJSON.h">
      <Filter>Headerdateien</Filter>
    </ClInclude>
    <ClInclude Include="Media\LAME\PXLAME.h">
      <Filter>Headerdateien</Filter>
    </ClInclude>
    <ClInclude Include="Media\LZ77\PXLZ77.h">
      <Filter>Headerdateien</Filter>
    </ClInclude>
    <ClInclude Include="Media\M4A\PXM4A.h">
      <Filter>Headerdateien</Filter>
    </ClInclude>
    <ClInclude Include="Media\MD5\PXMD5.h">
      <Filter>Headerdateien</Filter>
    </ClInclude>
    <ClInclude Include="Media\MIDI\PXMIDI.h">
      <Filter>Headerdateien</Filter>
    </ClInclude>
    <ClInclude Include="Media\MP3\PXMP3.h">
      <Filter>Headerdateien</Filter>
    </ClInclude>
    <ClInclude Include="Media\MP4\PXMP4.h">
      <Filter>Headerdateien</Filter>
    </ClInclude>
    <ClInclude Include="Media\MSI\PXMSI.h">
      <Filter>Headerdateien</Filter>
    </ClInclude>
    <ClInclude Include="Media\MTL\PXMTL.h">
      <Filter>Headerdateien</Filter>
    </ClInclude>
    <ClInclude Include="Media\OGG\PXOGG.h">
      <Filter>Headerdateien</Filter>
    </ClInclude>
    <ClInclude Include="Media\PDF\PXPDF.h">
      <Filter>Headerdateien</Filter>
    </ClInclude>
    <ClInclude Include="Media\PHP\PXPHP.h">
      <Filter>Headerdateien</Filter>
    </ClInclude>
    <ClInclude Include="Media\PLY\PXPLY.h">
      <Filter>Headerdateien</Filter>
    </ClInclude>
    <ClInclude Include="Media\PNG\PXPNG.h">
      <Filter>Headerdateien</Filter>
    </ClInclude>
    <ClInclude Include="Media\QOI\PXQOI.h">
      <Filter>Headerdateien</Filter>
    </ClInclude>
    <ClInclude Include="Media\RIFF\PXRIFF.h">
      <Filter>Headerdateien</Filter>
    </ClInclude>
    <ClInclude Include="Media\RSA\PXRSA.h">
      <Filter>Headerdateien</Filter>
    </ClInclude>
    <ClInclude Include="Media\SHA\PXSHA.h">
      <Filter>Headerdateien</Filter>
    </ClInclude>
    <ClInclude Include="Media\SpriteFont\PXSpriteFont.h">
      <Filter>Headerdateien</Filter>
    </ClInclude>
    <ClInclude Include="Media\STEP\PXSTEP.h">
      <Filter>Headerdateien</Filter>
    </ClInclude>
    <ClInclude Include="Media\STL\PXSTL.h">
      <Filter>Headerdateien</Filter>
    </ClInclude>
    <ClInclude Include="Media\SVG\PXSVG.h">
      <Filter>Headerdateien</Filter>
    </ClInclude>
    <ClInclude Include="Media\TGA\PXTGA.h">
      <Filter>Headerdateien</Filter>
    </ClInclude>
    <ClInclude Include="Media\TIFF\PXTIFF.h">
      <Filter>Headerdateien</Filter>
    </ClInclude>
    <ClInclude Include="Media\TTF\PXTTF.h">
      <Filter>Headerdateien</Filter>
    </ClInclude>
    <ClInclude Include="Media\UUID\PXUUID.h">
      <Filter>Headerdateien</Filter>
    </ClInclude>
    <ClInclude Include="Media\VRML\PXVRML.h">
      <Filter>Headerdateien</Filter>
    </ClInclude>
    <ClInclude Include="Media\WAV\PXWAV.h">
      <Filter>Headerdateien</Filter>
    </ClInclude>
    <ClInclude Include="Media\Wavefront\PXWavefront.h">
      <Filter>Headerdateien</Filter>
    </ClInclude>
    <ClInclude Include="Media\WEBM\PXWEBM.h">
      <Filter>Headerdateien</Filter>
    </ClInclude>
    <ClInclude Include="Media\WEBP\PXWEBP.h">
      <Filter>Headerdateien</Filter>
    </ClInclude>
    <ClInclude Include="Media\WMA\PXWMA.h">
      <Filter>Headerdateien</Filter>
    </ClInclude>
    <ClInclude Include="Media\XingInfo\PXXingInfo.h">
      <Filter>Headerdateien</Filter>
    </ClInclude>
    <ClInclude Include="Media\XML\PXXML.h">
      <Filter>Headerdateien</Filter>
    </ClInclude>
    <ClInclude Include="Media\YAML\PXYAML.h">
      <Filter>Headerdateien</Filter>
    </ClInclude>
    <ClInclude Include="Media\ZLIB\PXZLIB.h">
      <Filter>Headerdateien</Filter>
    </ClInclude>
    <ClInclude Include="Media\PXColor.h">
      <Filter>Headerdateien</Filter>
    </ClInclude>
    <ClInclude Include="Media\PXImage.h">
      <Filter>Headerdateien</Filter>
    </ClInclude>
    <ClInclude Include="Media\PXText.h">
      <Filter>Headerdateien</Filter>
    </ClInclude>
    <ClInclude Include="Media\PXType.h">
      <Filter>Headerdateien</Filter>
    </ClInclude>
    <ClInclude Include="Media\PXUltimaInfo.h">
      <Filter>Headerdateien</Filter>
    </ClInclude>
    <ClInclude Include="OS\Audio\PXAudio.h">
      <Filter>Headerdateien</Filter>
    </ClInclude>
    <ClInclude Include="OS\Bash\PXBash.h">
      <Filter>Headerdateien</Filter>
    </ClInclude>
    <ClInclude Include="OS\ClipBoard\PXClipBoard.h">
      <Filter>Headerdateien</Filter>
    </ClInclude>
    <ClInclude Include="OS\Debug\PXDebug.h">
      <Filter>Headerdateien</Filter>
    </ClInclude>
    <ClInclude Include="OS\Dialog\PXDialog.h">
      <Filter>Headerdateien</Filter>
    </ClInclude>
    <ClInclude Include="OS\Error\PXActionResult.h">
      <Filter>Headerdateien</Filter>
    </ClInclude>
    <ClInclude Include="OS\File\PXDirectory.h">
      <Filter>Headerdateien</Filter>
    </ClInclude>
    <ClInclude Include="OS\File\PXFile.h">
      <Filter>Headerdateien</Filter>
    </ClInclude>
    <ClInclude Include="OS\Graphic\DirectX\PXDirectX.h">
      <Filter>Headerdateien</Filter>
    </ClInclude>
    <ClInclude Include="OS\Graphic\OpenGL\PXOpenGL.h">
      <Filter>Headerdateien</Filter>
    </ClInclude>
    <ClInclude Include="OS\Graphic\Vulcan\PXVulcan.h">
      <Filter>Headerdateien</Filter>
    </ClInclude>
    <ClInclude Include="OS\Hardware\PXHardDrive.h">
      <Filter>Headerdateien</Filter>
    </ClInclude>
    <ClInclude Include="OS\Library\PXLibrary.h">
      <Filter>Headerdateien</Filter>
    </ClInclude>
    <ClInclude Include="OS\Memory\PXMemory.h">
      <Filter>Headerdateien</Filter>
    </ClInclude>
    <ClInclude Include="OS\Hardware\PXMonitor.h">
      <Filter>Headerdateien</Filter>
    </ClInclude>
    <ClInclude Include="OS\Network\PXClient.h">
      <Filter>Headerdateien</Filter>
    </ClInclude>
    <ClInclude Include="OS\Network\PXServer.h">
      <Filter>Headerdateien</Filter>
    </ClInclude>
    <ClInclude Include="OS\Network\PXSocket.h">
      <Filter>Headerdateien</Filter>
    </ClInclude>
    <ClInclude Include="OS\Async\PXProcess.h">
      <Filter>Headerdateien</Filter>
    </ClInclude>
    <ClInclude Include="OS\Hardware\PXProcessor.h">
      <Filter>Headerdateien</Filter>
    </ClInclude>
    <ClInclude Include="OS\Async\PXProgram.h">
      <Filter>Headerdateien</Filter>
    </ClInclude>
    <ClInclude Include="OS\Signal\PXSignal.h">
      <Filter>Headerdateien</Filter>
    </ClInclude>
    <ClInclude Include="OS\System\PXOSVersion.h">
      <Filter>Headerdateien</Filter>
    </ClInclude>
    <ClInclude Include="OS\System\PXRegistry.h">
      <Filter>Headerdateien</Filter>
    </ClInclude>
    <ClInclude Include="OS\Async\PXAwait.h">
      <Filter>Headerdateien</Filter>
    </ClInclude>
    <ClInclude Include="OS\Async\PXLock.h">
      <Filter>Headerdateien</Filter>
    </ClInclude>
    <ClInclude Include="OS\Async\PXThread.h">
      <Filter>Headerdateien</Filter>
    </ClInclude>
    <ClInclude Include="OS\Time\PXStopWatch.h">
      <Filter>Headerdateien</Filter>
    </ClInclude>
    <ClInclude Include="OS\Time\PXTime.h">
      <Filter>Headerdateien</Filter>
    </ClInclude>
    <ClInclude Include="OS\UI\PXUI.h">
      <Filter>Headerdateien</Filter>
    </ClInclude>
    <ClInclude Include="OS\User\PXUser.h">
      <Filter>Headerdateien</Filter>
    </ClInclude>
    <ClInclude Include="OS\Window\PXWindow.h">
      <Filter>Headerdateien</Filter>
    </ClInclude>
    <ClInclude Include="Container\Buffer\PXBuffer.h">
      <Filter>Headerdateien</Filter>
    </ClInclude>
    <ClInclude Include="Service\FTP\PXFTPClient.h">
      <Filter>Headerdateien</Filter>
    </ClInclude>
    <ClInclude Include="Service\HTTP\PXHTTPClient.h">
      <Filter>Headerdateien</Filter>
    </ClInclude>
    <ClInclude Include="Service\LDAP\PXLDAPClient.h">
      <Filter>Headerdateien</Filter>
    </ClInclude>
    <ClInclude Include="Service\SBP\PXSBP.h">
      <Filter>Headerdateien</Filter>
    </ClInclude>
    <ClInclude Include="Service\HTTP\PXHTTPServer.h">
      <Filter>Headerdateien</Filter>
    </ClInclude>
    <ClInclude Include="Service\FTP\PXFTPServer.h">
      <Filter>Headerdateien</Filter>
    </ClInclude>
    <ClInclude Include="Media\PXResource.h">
      <Filter>Headerdateien</Filter>
    </ClInclude>
  </ItemGroup>
</Project>